// !$*UTF8*$!
{
	archiveVersion = 1;
	classes = {
	};
	objectVersion = 56;
	objects = {

/* Begin PBXBuildFile section */
		A1000001 /* AynaSmokeUITests.swift in Sources */ = {isa = PBXBuildFile; fileRef = A1000101 /* AynaSmokeUITests.swift */; };
		A1000002 /* AynaUITestCase.swift in Sources */ = {isa = PBXBuildFile; fileRef = A1000102 /* AynaUITestCase.swift */; };
		A2000001 /* IOSSmokeUITests.swift in Sources */ = {isa = PBXBuildFile; fileRef = A2000101 /* IOSSmokeUITests.swift */; };
		A2000002 /* IOSUITestCase.swift in Sources */ = {isa = PBXBuildFile; fileRef = A2000102 /* IOSUITestCase.swift */; };
		A3000001 /* WatchSmokeUITests.swift in Sources */ = {isa = PBXBuildFile; fileRef = A3000101 /* WatchSmokeUITests.swift */; };
		A3000002 /* WatchUITestCase.swift in Sources */ = {isa = PBXBuildFile; fileRef = A3000102 /* WatchUITestCase.swift */; };
/* End PBXBuildFile section */

/* Begin PBXFileReference section */
		A1000101 /* AynaSmokeUITests.swift */ = {isa = PBXFileReference; lastKnownFileType = sourcecode.swift; path = AynaSmokeUITests.swift; sourceTree = "<group>"; };
		A1000102 /* AynaUITestCase.swift */ = {isa = PBXFileReference; lastKnownFileType = sourcecode.swift; path = AynaUITestCase.swift; sourceTree = "<group>"; };
		A1000200 /* AynaUITests.xctest */ = {isa = PBXFileReference; explicitFileType = wrapper.cfbundle; includeInIndex = 0; path = AynaUITests.xctest; sourceTree = BUILT_PRODUCTS_DIR; };
		A2000101 /* IOSSmokeUITests.swift */ = {isa = PBXFileReference; lastKnownFileType = sourcecode.swift; path = IOSSmokeUITests.swift; sourceTree = "<group>"; };
		A2000102 /* IOSUITestCase.swift */ = {isa = PBXFileReference; lastKnownFileType = sourcecode.swift; path = IOSUITestCase.swift; sourceTree = "<group>"; };
		A2000200 /* AynaIOSUITests.xctest */ = {isa = PBXFileReference; explicitFileType = wrapper.cfbundle; includeInIndex = 0; path = AynaIOSUITests.xctest; sourceTree = BUILT_PRODUCTS_DIR; };
		A3000101 /* WatchSmokeUITests.swift */ = {isa = PBXFileReference; lastKnownFileType = sourcecode.swift; path = WatchSmokeUITests.swift; sourceTree = "<group>"; };
		A3000102 /* WatchUITestCase.swift */ = {isa = PBXFileReference; lastKnownFileType = sourcecode.swift; path = WatchUITestCase.swift; sourceTree = "<group>"; };
		A3000200 /* AynaWatchOSUITests.xctest */ = {isa = PBXFileReference; explicitFileType = wrapper.cfbundle; includeInIndex = 0; path = AynaWatchOSUITests.xctest; sourceTree = BUILT_PRODUCTS_DIR; };
/* End PBXFileReference section */

/* Begin PBXFrameworksBuildPhase section */
		A1000300 /* Frameworks */ = {
			isa = PBXFrameworksBuildPhase;
			buildActionMask = 2147483647;
			files = (
			);
			runOnlyForDeploymentPostprocessing = 0;
		};
		A2000300 /* Frameworks */ = {
			isa = PBXFrameworksBuildPhase;
			buildActionMask = 2147483647;
			files = (
			);
			runOnlyForDeploymentPostprocessing = 0;
		};
		A3000300 /* Frameworks */ = {
			isa = PBXFrameworksBuildPhase;
			buildActionMask = 2147483647;
			files = (
			);
			runOnlyForDeploymentPostprocessing = 0;
		};
/* End PBXFrameworksBuildPhase section */

/* Begin PBXGroup section */
		A0000400 /* = */ = {
			isa = PBXGroup;
			children = (
				A1000401 /* AynaUITests */,
				A2000401 /* AynaIOSUITests */,
				A3000401 /* AynaWatchOSUITests */,
				A0000402 /* Products */,
			);
			sourceTree = "<group>";
		};
		A1000401 /* AynaUITests */ = {
			isa = PBXGroup;
			children = (
				A1000101 /* AynaSmokeUITests.swift */,
				A1000102 /* AynaUITestCase.swift */,
			);
			name = AynaUITests;
			path = Tests/AynaUITests;
			sourceTree = SOURCE_ROOT;
		};
		A2000401 /* AynaIOSUITests */ = {
			isa = PBXGroup;
			children = (
				A2000101 /* IOSSmokeUITests.swift */,
				A2000102 /* IOSUITestCase.swift */,
			);
			name = AynaIOSUITests;
			path = Tests/AynaIOSUITests;
			sourceTree = SOURCE_ROOT;
		};
		A3000401 /* AynaWatchOSUITests */ = {
			isa = PBXGroup;
			children = (
				A3000101 /* WatchSmokeUITests.swift */,
				A3000102 /* WatchUITestCase.swift */,
			);
			name = AynaWatchOSUITests;
			path = Tests/AynaWatchOSUITests;
			sourceTree = SOURCE_ROOT;
		};
		A0000402 /* Products */ = {
			isa = PBXGroup;
			children = (
				A1000200 /* AynaUITests.xctest */,
				A2000200 /* AynaIOSUITests.xctest */,
				A3000200 /* AynaWatchOSUITests.xctest */,
			);
			name = Products;
			sourceTree = "<group>";
		};
/* End PBXGroup section */

/* Begin PBXNativeTarget section */
		A1000500 /* AynaUITests */ = {
			isa = PBXNativeTarget;
			buildConfigurationList = A1000700 /* Build configuration list for PBXNativeTarget "AynaUITests" */;
			buildPhases = (
				A1000600 /* Sources */,
				A1000300 /* Frameworks */,
			);
			buildRules = (
			);
			dependencies = (
			);
			name = AynaUITests;
			productName = AynaUITests;
			productReference = A1000200 /* AynaUITests.xctest */;
			productType = "com.apple.product-type.bundle.ui-testing";
		};
		A2000500 /* AynaIOSUITests */ = {
			isa = PBXNativeTarget;
			buildConfigurationList = A2000700 /* Build configuration list for PBXNativeTarget "AynaIOSUITests" */;
			buildPhases = (
				A2000600 /* Sources */,
				A2000300 /* Frameworks */,
			);
			buildRules = (
			);
			dependencies = (
			);
			name = AynaIOSUITests;
			productName = AynaIOSUITests;
			productReference = A2000200 /* AynaIOSUITests.xctest */;
			productType = "com.apple.product-type.bundle.ui-testing";
		};
		A3000500 /* AynaWatchOSUITests */ = {
			isa = PBXNativeTarget;
			buildConfigurationList = A3000700 /* Build configuration list for PBXNativeTarget "AynaWatchOSUITests" */;
			buildPhases = (
				A3000600 /* Sources */,
				A3000300 /* Frameworks */,
			);
			buildRules = (
			);
			dependencies = (
			);
			name = AynaWatchOSUITests;
			productName = AynaWatchOSUITests;
			productReference = A3000200 /* AynaWatchOSUITests.xctest */;
			productType = "com.apple.product-type.bundle.ui-testing";
		};
/* End PBXNativeTarget section */

/* Begin PBXProject section */
		A0000800 /* Project object */ = {
			isa = PBXProject;
			attributes = {
				BuildIndependentTargetsInParallel = 1;
				LastSwiftUpdateCheck = 1620;
				LastUpgradeCheck = 1620;
			};
			buildConfigurationList = A0000900 /* Build configuration list for PBXProject "AynaUITests" */;
			compatibilityVersion = "Xcode 14.0";
			developmentRegion = en;
			hasScannedForEncodings = 0;
			knownRegions = (
				en,
				Base,
			);
			mainGroup = A0000400;
			productRefGroup = A0000402 /* Products */;
			projectDirPath = "";
			projectRoot = "";
			targets = (
				A1000500 /* AynaUITests */,
				A2000500 /* AynaIOSUITests */,
				A3000500 /* AynaWatchOSUITests */,
			);
		};
/* End PBXProject section */

/* Begin PBXSourcesBuildPhase section */
		A1000600 /* Sources */ = {
			isa = PBXSourcesBuildPhase;
			buildActionMask = 2147483647;
			files = (
				A1000001 /* AynaSmokeUITests.swift in Sources */,
				A1000002 /* AynaUITestCase.swift in Sources */,
			);
			runOnlyForDeploymentPostprocessing = 0;
		};
		A2000600 /* Sources */ = {
			isa = PBXSourcesBuildPhase;
			buildActionMask = 2147483647;
			files = (
				A2000001 /* IOSSmokeUITests.swift in Sources */,
				A2000002 /* IOSUITestCase.swift in Sources */,
			);
			runOnlyForDeploymentPostprocessing = 0;
		};
		A3000600 /* Sources */ = {
			isa = PBXSourcesBuildPhase;
			buildActionMask = 2147483647;
			files = (
				A3000001 /* WatchSmokeUITests.swift in Sources */,
				A3000002 /* WatchUITestCase.swift in Sources */,
			);
			runOnlyForDeploymentPostprocessing = 0;
		};
/* End PBXSourcesBuildPhase section */

/* Begin XCBuildConfiguration section */
		/* Project-level Debug */
		A0000A01 /* Debug */ = {
			isa = XCBuildConfiguration;
			buildSettings = {
				ALWAYS_SEARCH_USER_PATHS = NO;
				ASSETCATALOG_COMPILER_GENERATE_SWIFT_ASSET_SYMBOL_EXTENSIONS = YES;
				CLANG_ANALYZER_NONNULL = YES;
				CLANG_ANALYZER_NUMBER_OBJECT_CONVERSION = YES_AGGRESSIVE;
				CLANG_CXX_LANGUAGE_STANDARD = "gnu++20";
				CLANG_ENABLE_MODULES = YES;
				CLANG_ENABLE_OBJC_ARC = YES;
				CLANG_ENABLE_OBJC_WEAK = YES;
				CLANG_WARN_BLOCK_CAPTURE_AUTORELEASING = YES;
				CLANG_WARN_BOOL_CONVERSION = YES;
				CLANG_WARN_COMMA = YES;
				CLANG_WARN_CONSTANT_CONVERSION = YES;
				CLANG_WARN_DEPRECATED_OBJC_IMPLEMENTATIONS = YES;
				CLANG_WARN_DIRECT_OBJC_ISA_USAGE = YES_ERROR;
				CLANG_WARN_DOCUMENTATION_COMMENTS = YES;
				CLANG_WARN_EMPTY_BODY = YES;
				CLANG_WARN_ENUM_CONVERSION = YES;
				CLANG_WARN_INFINITE_RECURSION = YES;
				CLANG_WARN_INT_CONVERSION = YES;
				CLANG_WARN_NON_LITERAL_NULL_CONVERSION = YES;
				CLANG_WARN_OBJC_IMPLICIT_RETAIN_SELF = YES;
				CLANG_WARN_OBJC_LITERAL_CONVERSION = YES;
				CLANG_WARN_OBJC_ROOT_CLASS = YES_ERROR;
				CLANG_WARN_QUOTED_INCLUDE_IN_FRAMEWORK_HEADER = YES;
				CLANG_WARN_RANGE_LOOP_ANALYSIS = YES;
				CLANG_WARN_STRICT_PROTOTYPES = YES;
				CLANG_WARN_SUSPICIOUS_MOVE = YES;
				CLANG_WARN_UNGUARDED_AVAILABILITY = YES_AGGRESSIVE;
				CLANG_WARN_UNREACHABLE_CODE = YES;
				CLANG_WARN__DUPLICATE_METHOD_MATCH = YES;
				COPY_PHASE_STRIP = NO;
				DEBUG_INFORMATION_FORMAT = dwarf;
				ENABLE_STRICT_OBJC_MSGSEND = YES;
				ENABLE_TESTABILITY = YES;
				ENABLE_USER_SCRIPT_SANDBOXING = YES;
				GCC_C_LANGUAGE_STANDARD = gnu17;
				GCC_DYNAMIC_NO_PIC = NO;
				GCC_NO_COMMON_BLOCKS = YES;
				GCC_OPTIMIZATION_LEVEL = 0;
				GCC_PREPROCESSOR_DEFINITIONS = (
					"DEBUG=1",
					"$(inherited)",
				);
				GCC_WARN_64_TO_32_BIT_CONVERSION = YES;
				GCC_WARN_ABOUT_RETURN_TYPE = YES_ERROR;
				GCC_WARN_UNDECLARED_SELECTOR = YES;
				GCC_WARN_UNINITIALIZED_AUTOS = YES_AGGRESSIVE;
				GCC_WARN_UNUSED_FUNCTION = YES;
				GCC_WARN_UNUSED_VARIABLE = YES;
				MTL_ENABLE_DEBUG_INFO = INCLUDE_SOURCE;
				MTL_FAST_MATH = YES;
				ONLY_ACTIVE_ARCH = YES;
				SWIFT_ACTIVE_COMPILATION_CONDITIONS = "$(inherited) DEBUG";
				SWIFT_EMIT_LOC_STRINGS = YES;
				SWIFT_OPTIMIZATION_LEVEL = "-Onone";
				SWIFT_STRICT_CONCURRENCY = minimal;
				SWIFT_VERSION = 6.0;
			};
			name = Debug;
		};
		/* Project-level Release */
		A0000A02 /* Release */ = {
			isa = XCBuildConfiguration;
			buildSettings = {
				ALWAYS_SEARCH_USER_PATHS = NO;
				ASSETCATALOG_COMPILER_GENERATE_SWIFT_ASSET_SYMBOL_EXTENSIONS = YES;
				CLANG_ANALYZER_NONNULL = YES;
				CLANG_ANALYZER_NUMBER_OBJECT_CONVERSION = YES_AGGRESSIVE;
				CLANG_CXX_LANGUAGE_STANDARD = "gnu++20";
				CLANG_ENABLE_MODULES = YES;
				CLANG_ENABLE_OBJC_ARC = YES;
				CLANG_ENABLE_OBJC_WEAK = YES;
				CLANG_WARN_BLOCK_CAPTURE_AUTORELEASING = YES;
				CLANG_WARN_BOOL_CONVERSION = YES;
				CLANG_WARN_COMMA = YES;
				CLANG_WARN_CONSTANT_CONVERSION = YES;
				CLANG_WARN_DEPRECATED_OBJC_IMPLEMENTATIONS = YES;
				CLANG_WARN_DIRECT_OBJC_ISA_USAGE = YES_ERROR;
				CLANG_WARN_DOCUMENTATION_COMMENTS = YES;
				CLANG_WARN_EMPTY_BODY = YES;
				CLANG_WARN_ENUM_CONVERSION = YES;
				CLANG_WARN_INFINITE_RECURSION = YES;
				CLANG_WARN_INT_CONVERSION = YES;
				CLANG_WARN_NON_LITERAL_NULL_CONVERSION = YES;
				CLANG_WARN_OBJC_IMPLICIT_RETAIN_SELF = YES;
				CLANG_WARN_OBJC_LITERAL_CONVERSION = YES;
				CLANG_WARN_OBJC_ROOT_CLASS = YES_ERROR;
				CLANG_WARN_QUOTED_INCLUDE_IN_FRAMEWORK_HEADER = YES;
				CLANG_WARN_RANGE_LOOP_ANALYSIS = YES;
				CLANG_WARN_STRICT_PROTOTYPES = YES;
				CLANG_WARN_SUSPICIOUS_MOVE = YES;
				CLANG_WARN_UNGUARDED_AVAILABILITY = YES_AGGRESSIVE;
				CLANG_WARN_UNREACHABLE_CODE = YES;
				CLANG_WARN__DUPLICATE_METHOD_MATCH = YES;
				COPY_PHASE_STRIP = NO;
				DEBUG_INFORMATION_FORMAT = "dwarf-with-dsym";
				ENABLE_NS_ASSERTIONS = NO;
				ENABLE_STRICT_OBJC_MSGSEND = YES;
				ENABLE_USER_SCRIPT_SANDBOXING = YES;
				GCC_C_LANGUAGE_STANDARD = gnu17;
				GCC_NO_COMMON_BLOCKS = YES;
				GCC_WARN_64_TO_32_BIT_CONVERSION = YES;
				GCC_WARN_ABOUT_RETURN_TYPE = YES_ERROR;
				GCC_WARN_UNDECLARED_SELECTOR = YES;
				GCC_WARN_UNINITIALIZED_AUTOS = YES_AGGRESSIVE;
				GCC_WARN_UNUSED_FUNCTION = YES;
				GCC_WARN_UNUSED_VARIABLE = YES;
				MTL_FAST_MATH = YES;
				SWIFT_COMPILATION_MODE = wholemodule;
				SWIFT_EMIT_LOC_STRINGS = YES;
				SWIFT_STRICT_CONCURRENCY = minimal;
				SWIFT_VERSION = 6.0;
			};
			name = Release;
		};
		/* macOS target Debug */
		A1000B01 /* Debug */ = {
			isa = XCBuildConfiguration;
			buildSettings = {
				CODE_SIGN_IDENTITY = "-";
				CODE_SIGNING_REQUIRED = NO;
				GENERATE_INFOPLIST_FILE = YES;
				MACOSX_DEPLOYMENT_TARGET = 26.0;
				PRODUCT_BUNDLE_IDENTIFIER = com.sertacozercan.AynaUITests;
				PRODUCT_NAME = "$(TARGET_NAME)";
				SDKROOT = macosx;
				SWIFT_STRICT_CONCURRENCY = minimal;
				SWIFT_VERSION = 6.0;
				TEST_TARGET_NAME = Ayna;
			};
			name = Debug;
		};
		A1000B02 /* Release */ = {
			isa = XCBuildConfiguration;
			buildSettings = {
				CODE_SIGN_IDENTITY = "-";
				CODE_SIGNING_REQUIRED = NO;
				GENERATE_INFOPLIST_FILE = YES;
				MACOSX_DEPLOYMENT_TARGET = 26.0;
				PRODUCT_BUNDLE_IDENTIFIER = com.sertacozercan.AynaUITests;
				PRODUCT_NAME = "$(TARGET_NAME)";
				SDKROOT = macosx;
				SWIFT_STRICT_CONCURRENCY = minimal;
				SWIFT_VERSION = 6.0;
				TEST_TARGET_NAME = Ayna;
			};
			name = Release;
		};
		/* iOS target Debug */
		A2000B01 /* Debug */ = {
			isa = XCBuildConfiguration;
			buildSettings = {
				CODE_SIGN_IDENTITY = "-";
				CODE_SIGNING_REQUIRED = NO;
				GENERATE_INFOPLIST_FILE = YES;
				IPHONEOS_DEPLOYMENT_TARGET = 26.0;
				PRODUCT_BUNDLE_IDENTIFIER = com.sertacozercan.AynaIOSUITests;
				PRODUCT_NAME = "$(TARGET_NAME)";
				SDKROOT = iphoneos;
				SWIFT_STRICT_CONCURRENCY = minimal;
				SWIFT_VERSION = 6.0;
				TEST_TARGET_NAME = Ayna;
			};
			name = Debug;
		};
		A2000B02 /* Release */ = {
			isa = XCBuildConfiguration;
			buildSettings = {
				CODE_SIGN_IDENTITY = "-";
				CODE_SIGNING_REQUIRED = NO;
				GENERATE_INFOPLIST_FILE = YES;
				IPHONEOS_DEPLOYMENT_TARGET = 26.0;
				PRODUCT_BUNDLE_IDENTIFIER = com.sertacozercan.AynaIOSUITests;
				PRODUCT_NAME = "$(TARGET_NAME)";
				SDKROOT = iphoneos;
				SWIFT_STRICT_CONCURRENCY = minimal;
				SWIFT_VERSION = 6.0;
				TEST_TARGET_NAME = Ayna;
			};
			name = Release;
		};
		/* watchOS target Debug */
		A3000B01 /* Debug */ = {
			isa = XCBuildConfiguration;
			buildSettings = {
				CODE_SIGN_IDENTITY = "-";
				CODE_SIGNING_REQUIRED = NO;
				GENERATE_INFOPLIST_FILE = YES;
				PRODUCT_BUNDLE_IDENTIFIER = com.sertacozercan.AynaWatchOSUITests;
				PRODUCT_NAME = "$(TARGET_NAME)";
				SDKROOT = watchos;
				SWIFT_STRICT_CONCURRENCY = minimal;
				SWIFT_VERSION = 6.0;
				TEST_TARGET_NAME = Ayna;
				WATCHOS_DEPLOYMENT_TARGET = 26.0;
			};
			name = Debug;
		};
		A3000B02 /* Release */ = {
			isa = XCBuildConfiguration;
			buildSettings = {
				CODE_SIGN_IDENTITY = "-";
				CODE_SIGNING_REQUIRED = NO;
				GENERATE_INFOPLIST_FILE = YES;
				PRODUCT_BUNDLE_IDENTIFIER = com.sertacozercan.AynaWatchOSUITests;
				PRODUCT_NAME = "$(TARGET_NAME)";
				SDKROOT = watchos;
				SWIFT_STRICT_CONCURRENCY = minimal;
				SWIFT_VERSION = 6.0;
				TEST_TARGET_NAME = Ayna;
				WATCHOS_DEPLOYMENT_TARGET = 26.0;
			};
			name = Release;
		};
/* End XCBuildConfiguration section */

/* Begin XCConfigurationList section */
		A1000700 /* Build configuration list for PBXNativeTarget "AynaUITests" */ = {
			isa = XCConfigurationList;
			buildConfigurations = (
				A1000B01 /* Debug */,
				A1000B02 /* Release */,
			);
			defaultConfigurationIsVisible = 0;
			defaultConfigurationName = Release;
		};
		A2000700 /* Build configuration list for PBXNativeTarget "AynaIOSUITests" */ = {
			isa = XCConfigurationList;
			buildConfigurations = (
				A2000B01 /* Debug */,
				A2000B02 /* Release */,
			);
			defaultConfigurationIsVisible = 0;
			defaultConfigurationName = Release;
		};
		A3000700 /* Build configuration list for PBXNativeTarget "AynaWatchOSUITests" */ = {
			isa = XCConfigurationList;
			buildConfigurations = (
				A3000B01 /* Debug */,
				A3000B02 /* Release */,
			);
			defaultConfigurationIsVisible = 0;
			defaultConfigurationName = Release;
		};
		A0000900 /* Build configuration list for PBXProject "AynaUITests" */ = {
			isa = XCConfigurationList;
			buildConfigurations = (
				A0000A01 /* Debug */,
				A0000A02 /* Release */,
			);
			defaultConfigurationIsVisible = 0;
			defaultConfigurationName = Release;
		};
/* End XCConfigurationList section */

	};
	rootObject = A0000800 /* Project object */;
}
