// !$*UTF8*$!
{
	archiveVersion = 1;
	classes = {
	};
	objectVersion = 70;
	objects = {

/* Begin PBXBuildFile section */
		C81393AA2ED3DE9900F5E7F9 /* aynaApp.swift in Sources */ = {isa = PBXBuildFile; fileRef = C81393A52ED3DE9900F5E7F9 /* aynaApp.swift */; };
		C81393AB2ED3DE9900F5E7F9 /* Assets.xcassets in Resources */ = {isa = PBXBuildFile; fileRef = C81393A32ED3DE9900F5E7F9 /* Assets.xcassets */; };
		C81393AC2ED3DE9900F5E7F9 /* Info.plist in Resources */ = {isa = PBXBuildFile; fileRef = C81393A62ED3DE9900F5E7F9 /* Info.plist */; };
		C81393AD2ED3DE9900F5E7F9 /* AynaIOSApp.swift in Sources */ = {isa = PBXBuildFile; fileRef = C81393A12ED3DE9900F5E7F9 /* AynaIOSApp.swift */; };
		C81393AF2ED3DE9900F5E7F9 /* Assets.xcassets in Resources */ = {isa = PBXBuildFile; fileRef = C81393A32ED3DE9900F5E7F9 /* Assets.xcassets */; };
		C81393DB2ED3DEB800F5E7F9 /* Conversation.swift in Sources */ = {isa = PBXBuildFile; fileRef = C81393B42ED3DEB800F5E7F9 /* Conversation.swift */; };
		C81393DC2ED3DEB800F5E7F9 /* MarkdownRenderer.swift in Sources */ = {isa = PBXBuildFile; fileRef = C81393C62ED3DEB800F5E7F9 /* MarkdownRenderer.swift */; };
		C81393DD2ED3DEB800F5E7F9 /* MCPModels.swift in Sources */ = {isa = PBXBuildFile; fileRef = C81393B52ED3DEB800F5E7F9 /* MCPModels.swift */; };
		C81393DE2ED3DEB800F5E7F9 /* EncryptedConversationStore.swift in Sources */ = {isa = PBXBuildFile; fileRef = C81393BB2ED3DEB800F5E7F9 /* EncryptedConversationStore.swift */; };
		C81393E02ED3DEB800F5E7F9 /* Message.swift in Sources */ = {isa = PBXBuildFile; fileRef = C81393B62ED3DEB800F5E7F9 /* Message.swift */; };
		C81393E22ED3DEB800F5E7F9 /* TestIdentifiers.swift in Sources */ = {isa = PBXBuildFile; fileRef = C81393C92ED3DEB800F5E7F9 /* TestIdentifiers.swift */; };
		C81393E32ED3DEB800F5E7F9 /* UITestEnvironment.swift in Sources */ = {isa = PBXBuildFile; fileRef = C81393CA2ED3DEB800F5E7F9 /* UITestEnvironment.swift */; };
		C81393E52ED3DEB800F5E7F9 /* AppleIntelligenceService.swift in Sources */ = {isa = PBXBuildFile; fileRef = C81393B92ED3DEB800F5E7F9 /* AppleIntelligenceService.swift */; };
		C81393E62ED3DEB800F5E7F9 /* ContentBlock.swift in Sources */ = {isa = PBXBuildFile; fileRef = C81393B32ED3DEB800F5E7F9 /* ContentBlock.swift */; };
		C81393E72ED3DEB800F5E7F9 /* SettingsNavigator.swift in Sources */ = {isa = PBXBuildFile; fileRef = C81393C82ED3DEB800F5E7F9 /* SettingsNavigator.swift */; };
		C81393E82ED3DEB800F5E7F9 /* OpenAIService.swift in Sources */ = {isa = PBXBuildFile; fileRef = C81393C02ED3DEB800F5E7F9 /* OpenAIService.swift */; };
		C81393E92ED3DEB800F5E7F9 /* KeychainStorage.swift in Sources */ = {isa = PBXBuildFile; fileRef = C81393BC2ED3DEB800F5E7F9 /* KeychainStorage.swift */; };
		B0F01CAC13064F88B81B4CA2 /* ConversationPersistenceCoordinator.swift in Sources */ = {isa = PBXBuildFile; fileRef = B0F01CAC13064F88B81B4CA1 /* ConversationPersistenceCoordinator.swift */; };
		B0F01CAC13064F88B81B4CA3 /* ConversationPersistenceCoordinator.swift in Sources */ = {isa = PBXBuildFile; fileRef = B0F01CAC13064F88B81B4CA1 /* ConversationPersistenceCoordinator.swift */; };
		C81393EC2ED3DEB800F5E7F9 /* EphemeralKeychainStorage.swift in Sources */ = {isa = PBXBuildFile; fileRef = C81393C52ED3DEB800F5E7F9 /* EphemeralKeychainStorage.swift */; };
		C81393ED2ED3DEB800F5E7F9 /* AttachmentStorage.swift in Sources */ = {isa = PBXBuildFile; fileRef = C81393BA2ED3DEB800F5E7F9 /* AttachmentStorage.swift */; };
		C81393EE2ED3DEB800F5E7F9 /* ConversationExporter.swift in Sources */ = {isa = PBXBuildFile; fileRef = C81393C32ED3DEB800F5E7F9 /* ConversationExporter.swift */; };
		C81393F12ED3DEB800F5E7F9 /* ConversationTimelineGrouper.swift in Sources */ = {isa = PBXBuildFile; fileRef = C81393C42ED3DEB800F5E7F9 /* ConversationTimelineGrouper.swift */; };
		C81393F22ED3DEB800F5E7F9 /* AppPreferences.swift in Sources */ = {isa = PBXBuildFile; fileRef = C81393C22ED3DEB800F5E7F9 /* AppPreferences.swift */; };
		C81393F52ED3DEB800F5E7F9 /* ConversationManager.swift in Sources */ = {isa = PBXBuildFile; fileRef = C81393CC2ED3DEB800F5E7F9 /* ConversationManager.swift */; };
		C81393F72ED3DEB800F5E7F9 /* DiagnosticsLogger.swift in Sources */ = {isa = PBXBuildFile; fileRef = C81393B12ED3DEB800F5E7F9 /* DiagnosticsLogger.swift */; };
		C81393FC2ED3DEB800F5E7F9 /* Conversation.swift in Sources */ = {isa = PBXBuildFile; fileRef = C81393B42ED3DEB800F5E7F9 /* Conversation.swift */; };
		C81393FD2ED3DEB800F5E7F9 /* MarkdownRenderer.swift in Sources */ = {isa = PBXBuildFile; fileRef = C81393C62ED3DEB800F5E7F9 /* MarkdownRenderer.swift */; };
		C81393FE2ED3DEB800F5E7F9 /* MCPModels.swift in Sources */ = {isa = PBXBuildFile; fileRef = C81393B52ED3DEB800F5E7F9 /* MCPModels.swift */; };
		C81393FF2ED3DEB800F5E7F9 /* EncryptedConversationStore.swift in Sources */ = {isa = PBXBuildFile; fileRef = C81393BB2ED3DEB800F5E7F9 /* EncryptedConversationStore.swift */; };
		C81394012ED3DEB800F5E7F9 /* Message.swift in Sources */ = {isa = PBXBuildFile; fileRef = C81393B62ED3DEB800F5E7F9 /* Message.swift */; };
		C81394032ED3DEB800F5E7F9 /* TestIdentifiers.swift in Sources */ = {isa = PBXBuildFile; fileRef = C81393C92ED3DEB800F5E7F9 /* TestIdentifiers.swift */; };
		C81394042ED3DEB800F5E7F9 /* UITestEnvironment.swift in Sources */ = {isa = PBXBuildFile; fileRef = C81393CA2ED3DEB800F5E7F9 /* UITestEnvironment.swift */; };
		C81394052ED3DEB800F5E7F9 /* MCPService.swift in Sources */ = {isa = PBXBuildFile; fileRef = C81393BF2ED3DEB800F5E7F9 /* MCPService.swift */; };
		C81394062ED3DEB800F5E7F9 /* AppleIntelligenceService.swift in Sources */ = {isa = PBXBuildFile; fileRef = C81393B92ED3DEB800F5E7F9 /* AppleIntelligenceService.swift */; };
		C81394072ED3DEB800F5E7F9 /* ContentBlock.swift in Sources */ = {isa = PBXBuildFile; fileRef = C81393B32ED3DEB800F5E7F9 /* ContentBlock.swift */; };
		C81394082ED3DEB800F5E7F9 /* SettingsNavigator.swift in Sources */ = {isa = PBXBuildFile; fileRef = C81393C82ED3DEB800F5E7F9 /* SettingsNavigator.swift */; };
		C81394092ED3DEB800F5E7F9 /* OpenAIService.swift in Sources */ = {isa = PBXBuildFile; fileRef = C81393C02ED3DEB800F5E7F9 /* OpenAIService.swift */; };
		D0A1B2C513064F88B81B4CA2 /* OpenAIEndpointResolver.swift in Sources */ = {isa = PBXBuildFile; fileRef = D0A1B2C313064F88B81B4CA1 /* OpenAIEndpointResolver.swift */; };
		D0A1B2C613064F88B81B4CA2 /* OpenAIRetryPolicy.swift in Sources */ = {isa = PBXBuildFile; fileRef = D0A1B2C413064F88B81B4CA1 /* OpenAIRetryPolicy.swift */; };
		D0A1B2C913064F88B81B4CA2 /* OpenAIImageService.swift in Sources */ = {isa = PBXBuildFile; fileRef = D0A1B2C513064F88B81B4CA5 /* OpenAIImageService.swift */; };
		D0A1B2CB13064F88B81B4CA2 /* OpenAIStreamParser.swift in Sources */ = {isa = PBXBuildFile; fileRef = D0A1B2C613064F88B81B4CA5 /* OpenAIStreamParser.swift */; };
		D0A1B2CD13064F88B81B4CA2 /* OpenAIRequestBuilder.swift in Sources */ = {isa = PBXBuildFile; fileRef = D0A1B2C713064F88B81B4CA5 /* OpenAIRequestBuilder.swift */; };
		D0A1B2C713064F88B81B4CA3 /* OpenAIEndpointResolver.swift in Sources */ = {isa = PBXBuildFile; fileRef = D0A1B2C313064F88B81B4CA1 /* OpenAIEndpointResolver.swift */; };
		D0A1B2C813064F88B81B4CA3 /* OpenAIRetryPolicy.swift in Sources */ = {isa = PBXBuildFile; fileRef = D0A1B2C413064F88B81B4CA1 /* OpenAIRetryPolicy.swift */; };
		D0A1B2CA13064F88B81B4CA3 /* OpenAIImageService.swift in Sources */ = {isa = PBXBuildFile; fileRef = D0A1B2C513064F88B81B4CA5 /* OpenAIImageService.swift */; };
		D0A1B2CC13064F88B81B4CA3 /* OpenAIStreamParser.swift in Sources */ = {isa = PBXBuildFile; fileRef = D0A1B2C613064F88B81B4CA5 /* OpenAIStreamParser.swift */; };
		D0A1B2CE13064F88B81B4CA3 /* OpenAIRequestBuilder.swift in Sources */ = {isa = PBXBuildFile; fileRef = D0A1B2C713064F88B81B4CA5 /* OpenAIRequestBuilder.swift */; };
		C813940A2ED3DEB800F5E7F9 /* KeychainStorage.swift in Sources */ = {isa = PBXBuildFile; fileRef = C81393BC2ED3DEB800F5E7F9 /* KeychainStorage.swift */; };
		C813940B2ED3DEB800F5E7F9 /* MCPServerManager.swift in Sources */ = {isa = PBXBuildFile; fileRef = C81393BD2ED3DEB800F5E7F9 /* MCPServerManager.swift */; };
		C813940C2ED3DEB800F5E7F9 /* AIKitService.swift in Sources */ = {isa = PBXBuildFile; fileRef = C81393B82ED3DEB800F5E7F9 /* AIKitService.swift */; };
		C813940D2ED3DEB800F5E7F9 /* EphemeralKeychainStorage.swift in Sources */ = {isa = PBXBuildFile; fileRef = C81393C52ED3DEB800F5E7F9 /* EphemeralKeychainStorage.swift */; };
		C813940E2ED3DEB800F5E7F9 /* AttachmentStorage.swift in Sources */ = {isa = PBXBuildFile; fileRef = C81393BA2ED3DEB800F5E7F9 /* AttachmentStorage.swift */; };
		C813940F2ED3DEB800F5E7F9 /* ConversationExporter.swift in Sources */ = {isa = PBXBuildFile; fileRef = C81393C32ED3DEB800F5E7F9 /* ConversationExporter.swift */; };
		C81394112ED3DEB800F5E7F9 /* MCPProcessTracker.swift in Sources */ = {isa = PBXBuildFile; fileRef = C81393C72ED3DEB800F5E7F9 /* MCPProcessTracker.swift */; };
		C81394122ED3DEB800F5E7F9 /* ConversationTimelineGrouper.swift in Sources */ = {isa = PBXBuildFile; fileRef = C81393C42ED3DEB800F5E7F9 /* ConversationTimelineGrouper.swift */; };
		C81394132ED3DEB800F5E7F9 /* AppPreferences.swift in Sources */ = {isa = PBXBuildFile; fileRef = C81393C22ED3DEB800F5E7F9 /* AppPreferences.swift */; };
		C81394142ED3DEB800F5E7F9 /* MCPServerStatus.swift in Sources */ = {isa = PBXBuildFile; fileRef = C81393BE2ED3DEB800F5E7F9 /* MCPServerStatus.swift */; };
		C81394162ED3DEB800F5E7F9 /* ConversationManager.swift in Sources */ = {isa = PBXBuildFile; fileRef = C81393CC2ED3DEB800F5E7F9 /* ConversationManager.swift */; };
		C81394182ED3DEB800F5E7F9 /* DiagnosticsLogger.swift in Sources */ = {isa = PBXBuildFile; fileRef = C81393B12ED3DEB800F5E7F9 /* DiagnosticsLogger.swift */; };
		C813942E2ED3DEC900F5E7F9 /* MacSidebarView.swift in Sources */ = {isa = PBXBuildFile; fileRef = C81394292ED3DEC900F5E7F9 /* MacSidebarView.swift */; };
		C81394302ED3DEC900F5E7F9 /* MacContentView.swift in Sources */ = {isa = PBXBuildFile; fileRef = C81394262ED3DEC900F5E7F9 /* MacContentView.swift */; };
		C81394312ED3DEC900F5E7F9 /* MCPToolSummaryView.swift in Sources */ = {isa = PBXBuildFile; fileRef = C813942B2ED3DEC900F5E7F9 /* MCPToolSummaryView.swift */; };
		C81394322ED3DEC900F5E7F9 /* MacChatView.swift in Sources */ = {isa = PBXBuildFile; fileRef = C81394252ED3DEC900F5E7F9 /* MacChatView.swift */; };
		C813945A2ED3DEC900F5E7F9 /* ConversationSystemPromptSheet.swift in Sources */ = {isa = PBXBuildFile; fileRef = C813945B2ED3DEC900F5E7F9 /* ConversationSystemPromptSheet.swift */; };
		C81394332ED3DEC900F5E7F9 /* DynamicTextEditor.swift in Sources */ = {isa = PBXBuildFile; fileRef = C81394242ED3DEC900F5E7F9 /* DynamicTextEditor.swift */; };
		C81394352ED3DEC900F5E7F9 /* MacSettingsView.swift in Sources */ = {isa = PBXBuildFile; fileRef = C81394282ED3DEC900F5E7F9 /* MacSettingsView.swift */; };
		C81394392ED3DEC900F5E7F9 /* MCPSettingsView.swift in Sources */ = {isa = PBXBuildFile; fileRef = C813942A2ED3DEC900F5E7F9 /* MCPSettingsView.swift */; };
		C813943A2ED3DEC900F5E7F9 /* AIKitSettingsView.swift in Sources */ = {isa = PBXBuildFile; fileRef = C81394232ED3DEC900F5E7F9 /* AIKitSettingsView.swift */; };
		C813943B2ED3DEC900F5E7F9 /* MacMessageView.swift in Sources */ = {isa = PBXBuildFile; fileRef = C81394272ED3DEC900F5E7F9 /* MacMessageView.swift */; };
		C813943D2ED3DEC900F5E7F9 /* IOSChatView.swift in Sources */ = {isa = PBXBuildFile; fileRef = C813941D2ED3DEC900F5E7F9 /* IOSChatView.swift */; };
		C81394422ED3DEC900F5E7F9 /* IOSContentView.swift in Sources */ = {isa = PBXBuildFile; fileRef = C813941E2ED3DEC900F5E7F9 /* IOSContentView.swift */; };
		C81394442ED3DEC900F5E7F9 /* IOSMessageView.swift in Sources */ = {isa = PBXBuildFile; fileRef = C813941F2ED3DEC900F5E7F9 /* IOSMessageView.swift */; };
		C81394452ED3DEC900F5E7F9 /* IOSSettingsView.swift in Sources */ = {isa = PBXBuildFile; fileRef = C81394202ED3DEC900F5E7F9 /* IOSSettingsView.swift */; };
		C81394462ED3DEC900F5E7F9 /* IOSSidebarView.swift in Sources */ = {isa = PBXBuildFile; fileRef = C81394212ED3DEC900F5E7F9 /* IOSSidebarView.swift */; };
		BCBB241B825D469EB8C73ED8 /* IOSMessageComposer.swift in Sources */ = {isa = PBXBuildFile; fileRef = 2474F93F7DAB4AAB8A18CC40 /* IOSMessageComposer.swift */; };
		C8C534CF2ED40B39003D2BAC /* TestHelpers.swift in Sources */ = {isa = PBXBuildFile; fileRef = C81393D52ED3DEB800F5E7F9 /* TestHelpers.swift */; };
		C8C534D02ED40B39003D2BAC /* MCPServerManagerTests.swift in Sources */ = {isa = PBXBuildFile; fileRef = C81393D32ED3DEB800F5E7F9 /* MCPServerManagerTests.swift */; };
		C8C534D12ED40B39003D2BAC /* OpenAIServiceTests.swift in Sources */ = {isa = PBXBuildFile; fileRef = C81393D42ED3DEB800F5E7F9 /* OpenAIServiceTests.swift */; };
		C8C534D22ED40B39003D2BAC /* ConversationTimelineGrouperTests.swift in Sources */ = {isa = PBXBuildFile; fileRef = C81393D02ED3DEB800F5E7F9 /* ConversationTimelineGrouperTests.swift */; };
		C8C534D32ED40B39003D2BAC /* ConversationManagerTests.swift in Sources */ = {isa = PBXBuildFile; fileRef = C81393CF2ED3DEB800F5E7F9 /* ConversationManagerTests.swift */; };
		C8C534D42ED40B39003D2BAC /* EncryptedConversationStoreTests.swift in Sources */ = {isa = PBXBuildFile; fileRef = C81393D12ED3DEB800F5E7F9 /* EncryptedConversationStoreTests.swift */; };
		C8C534D52ED40B39003D2BAC /* MarkdownRendererTests.swift in Sources */ = {isa = PBXBuildFile; fileRef = C81393D22ED3DEB800F5E7F9 /* MarkdownRendererTests.swift */; };
		C8C534D62ED40B4B003D2BAC /* AynaSmokeUITests.swift in Sources */ = {isa = PBXBuildFile; fileRef = C81393D72ED3DEB800F5E7F9 /* AynaSmokeUITests.swift */; };
		C8C534D72ED40B4B003D2BAC /* AynaUITestCase.swift in Sources */ = {isa = PBXBuildFile; fileRef = C81393D82ED3DEB800F5E7F9 /* AynaUITestCase.swift */; };
		A1B2C3D513064F88B81B4CA2 /* IOSChatViewModel.swift in Sources */ = {isa = PBXBuildFile; fileRef = A1B2C3D413064F88B81B4CA1 /* IOSChatViewModel.swift */; };
A1B2C3D513064F88B81B4CA3 /* ResponseGroup.swift in Sources */ = {isa = PBXBuildFile; fileRef = A1B2C3D413064F88B81B4CA2 /* ResponseGroup.swift */; };
A1B2C3D613064F88B81B4CA3 /* ResponseGroup.swift in Sources */ = {isa = PBXBuildFile; fileRef = A1B2C3D413064F88B81B4CA2 /* ResponseGroup.swift */; };
A1B2C3D813064F88B81B4CA2 /* MultiModelResponseView.swift in Sources */ = {isa = PBXBuildFile; fileRef = A1B2C3D713064F88B81B4CA2 /* MultiModelResponseView.swift */; };
A1B2C3DA13064F88B81B4CA2 /* IOSMultiModelResponseView.swift in Sources */ = {isa = PBXBuildFile; fileRef = A1B2C3D913064F88B81B4CA2 /* IOSMultiModelResponseView.swift */; };
		GITHUB0AUTH13064F88B81B01 /* GitHubOAuthService.swift in Sources */ = {isa = PBXBuildFile; fileRef = GITHUB0AUTH13064F88B81B00 /* GitHubOAuthService.swift */; };
		GITHUB0AUTH13064F88B81B02 /* GitHubOAuthService.swift in Sources */ = {isa = PBXBuildFile; fileRef = GITHUB0AUTH13064F88B81B00 /* GitHubOAuthService.swift */; };
/* End PBXBuildFile section */

/* Begin PBXContainerItemProxy section */
		C8C534E02ED41F89003D2BAC /* PBXContainerItemProxy */ = {
			isa = PBXContainerItemProxy;
			containerPortal = 11000001 /* Project object */;
			proxyType = 1;
			remoteGlobalIDString = C8FBD3B72ED2F42A00E39928;
			remoteInfo = "Ayna-iOS";
		};
		C8F1C0032ED5B4F500B5BC45 /* PBXContainerItemProxy */ = {
			isa = PBXContainerItemProxy;
			containerPortal = 11000001 /* Project object */;
			proxyType = 1;
			remoteGlobalIDString = 07000001;
			remoteInfo = Ayna;
		};
		C9A1C2023090F5E900ABCD01 /* PBXContainerItemProxy */ = {
			isa = PBXContainerItemProxy;
			containerPortal = 11000001 /* Project object */;
			proxyType = 1;
			remoteGlobalIDString = 07000001;
			remoteInfo = Ayna;
		};
/* End PBXContainerItemProxy section */

/* Begin PBXFileReference section */
		03000001 /* Ayna.app */ = {isa = PBXFileReference; explicitFileType = wrapper.application; includeInIndex = 0; path = Ayna.app; sourceTree = BUILT_PRODUCTS_DIR; };
		C81393A12ED3DE9900F5E7F9 /* AynaIOSApp.swift */ = {isa = PBXFileReference; lastKnownFileType = sourcecode.swift; path = AynaIOSApp.swift; sourceTree = "<group>"; };
		C81393A32ED3DE9900F5E7F9 /* Assets.xcassets */ = {isa = PBXFileReference; lastKnownFileType = folder.assetcatalog; path = Assets.xcassets; sourceTree = "<group>"; };
		C81393A42ED3DE9900F5E7F9 /* ayna.entitlements */ = {isa = PBXFileReference; lastKnownFileType = text.plist.entitlements; path = ayna.entitlements; sourceTree = "<group>"; };
		C81393A52ED3DE9900F5E7F9 /* aynaApp.swift */ = {isa = PBXFileReference; lastKnownFileType = sourcecode.swift; path = aynaApp.swift; sourceTree = "<group>"; };
		C81393A62ED3DE9900F5E7F9 /* Info.plist */ = {isa = PBXFileReference; lastKnownFileType = text.plist.xml; path = Info.plist; sourceTree = "<group>"; };
		C81393B12ED3DEB800F5E7F9 /* DiagnosticsLogger.swift */ = {isa = PBXFileReference; lastKnownFileType = sourcecode.swift; path = DiagnosticsLogger.swift; sourceTree = "<group>"; };
		C81393B32ED3DEB800F5E7F9 /* ContentBlock.swift */ = {isa = PBXFileReference; lastKnownFileType = sourcecode.swift; path = ContentBlock.swift; sourceTree = "<group>"; };
		C81393B42ED3DEB800F5E7F9 /* Conversation.swift */ = {isa = PBXFileReference; lastKnownFileType = sourcecode.swift; path = Conversation.swift; sourceTree = "<group>"; };
		C81393B52ED3DEB800F5E7F9 /* MCPModels.swift */ = {isa = PBXFileReference; lastKnownFileType = sourcecode.swift; path = MCPModels.swift; sourceTree = "<group>"; };
		C81393B62ED3DEB800F5E7F9 /* Message.swift */ = {isa = PBXFileReference; lastKnownFileType = sourcecode.swift; path = Message.swift; sourceTree = "<group>"; };
		A1B2C3D413064F88B81B4CA2 /* ResponseGroup.swift */ = {isa = PBXFileReference; lastKnownFileType = sourcecode.swift; path = ResponseGroup.swift; sourceTree = "<group>"; };
		C81393B82ED3DEB800F5E7F9 /* AIKitService.swift */ = {isa = PBXFileReference; lastKnownFileType = sourcecode.swift; path = AIKitService.swift; sourceTree = "<group>"; };
		C81393B92ED3DEB800F5E7F9 /* AppleIntelligenceService.swift */ = {isa = PBXFileReference; lastKnownFileType = sourcecode.swift; path = AppleIntelligenceService.swift; sourceTree = "<group>"; };
		C81393BA2ED3DEB800F5E7F9 /* AttachmentStorage.swift */ = {isa = PBXFileReference; lastKnownFileType = sourcecode.swift; path = AttachmentStorage.swift; sourceTree = "<group>"; };
		C81393BB2ED3DEB800F5E7F9 /* EncryptedConversationStore.swift */ = {isa = PBXFileReference; lastKnownFileType = sourcecode.swift; path = EncryptedConversationStore.swift; sourceTree = "<group>"; };
		C81393BC2ED3DEB800F5E7F9 /* KeychainStorage.swift */ = {isa = PBXFileReference; lastKnownFileType = sourcecode.swift; path = KeychainStorage.swift; sourceTree = "<group>"; };
		GITHUB0AUTH13064F88B81B00 /* GitHubOAuthService.swift */ = {isa = PBXFileReference; lastKnownFileType = sourcecode.swift; path = GitHubOAuthService.swift; sourceTree = "<group>"; };
		B0F01CAC13064F88B81B4CA1 /* ConversationPersistenceCoordinator.swift */ = {isa = PBXFileReference; lastKnownFileType = sourcecode.swift; path = ConversationPersistenceCoordinator.swift; sourceTree = "<group>"; };
		C81393BD2ED3DEB800F5E7F9 /* MCPServerManager.swift */ = {isa = PBXFileReference; lastKnownFileType = sourcecode.swift; path = MCPServerManager.swift; sourceTree = "<group>"; };
		C81393BE2ED3DEB800F5E7F9 /* MCPServerStatus.swift */ = {isa = PBXFileReference; lastKnownFileType = sourcecode.swift; path = MCPServerStatus.swift; sourceTree = "<group>"; };
		C81393BF2ED3DEB800F5E7F9 /* MCPService.swift */ = {isa = PBXFileReference; lastKnownFileType = sourcecode.swift; path = MCPService.swift; sourceTree = "<group>"; };
		C81393C02ED3DEB800F5E7F9 /* OpenAIService.swift */ = {isa = PBXFileReference; lastKnownFileType = sourcecode.swift; path = OpenAIService.swift; sourceTree = "<group>"; };
		D0A1B2C313064F88B81B4CA1 /* OpenAIEndpointResolver.swift */ = {isa = PBXFileReference; lastKnownFileType = sourcecode.swift; path = OpenAIEndpointResolver.swift; sourceTree = "<group>"; };
		D0A1B2C413064F88B81B4CA1 /* OpenAIRetryPolicy.swift */ = {isa = PBXFileReference; lastKnownFileType = sourcecode.swift; path = OpenAIRetryPolicy.swift; sourceTree = "<group>"; };
		D0A1B2C513064F88B81B4CA5 /* OpenAIImageService.swift */ = {isa = PBXFileReference; lastKnownFileType = sourcecode.swift; path = OpenAIImageService.swift; sourceTree = "<group>"; };
		D0A1B2C613064F88B81B4CA5 /* OpenAIStreamParser.swift */ = {isa = PBXFileReference; lastKnownFileType = sourcecode.swift; path = OpenAIStreamParser.swift; sourceTree = "<group>"; };
		D0A1B2C713064F88B81B4CA5 /* OpenAIRequestBuilder.swift */ = {isa = PBXFileReference; lastKnownFileType = sourcecode.swift; path = OpenAIRequestBuilder.swift; sourceTree = "<group>"; };
		C81393C22ED3DEB800F5E7F9 /* AppPreferences.swift */ = {isa = PBXFileReference; lastKnownFileType = sourcecode.swift; path = AppPreferences.swift; sourceTree = "<group>"; };
		C81393C32ED3DEB800F5E7F9 /* ConversationExporter.swift */ = {isa = PBXFileReference; lastKnownFileType = sourcecode.swift; path = ConversationExporter.swift; sourceTree = "<group>"; };
		C81393C42ED3DEB800F5E7F9 /* ConversationTimelineGrouper.swift */ = {isa = PBXFileReference; lastKnownFileType = sourcecode.swift; path = ConversationTimelineGrouper.swift; sourceTree = "<group>"; };
		C81393C52ED3DEB800F5E7F9 /* EphemeralKeychainStorage.swift */ = {isa = PBXFileReference; lastKnownFileType = sourcecode.swift; path = EphemeralKeychainStorage.swift; sourceTree = "<group>"; };
		C81393C62ED3DEB800F5E7F9 /* MarkdownRenderer.swift */ = {isa = PBXFileReference; lastKnownFileType = sourcecode.swift; path = MarkdownRenderer.swift; sourceTree = "<group>"; };
		C81393C72ED3DEB800F5E7F9 /* MCPProcessTracker.swift */ = {isa = PBXFileReference; lastKnownFileType = sourcecode.swift; path = MCPProcessTracker.swift; sourceTree = "<group>"; };
		C81393C82ED3DEB800F5E7F9 /* SettingsNavigator.swift */ = {isa = PBXFileReference; lastKnownFileType = sourcecode.swift; path = SettingsNavigator.swift; sourceTree = "<group>"; };
		C81393C92ED3DEB800F5E7F9 /* TestIdentifiers.swift */ = {isa = PBXFileReference; lastKnownFileType = sourcecode.swift; path = TestIdentifiers.swift; sourceTree = "<group>"; };
		C81393CA2ED3DEB800F5E7F9 /* UITestEnvironment.swift */ = {isa = PBXFileReference; lastKnownFileType = sourcecode.swift; path = UITestEnvironment.swift; sourceTree = "<group>"; };
		C81393CC2ED3DEB800F5E7F9 /* ConversationManager.swift */ = {isa = PBXFileReference; lastKnownFileType = sourcecode.swift; path = ConversationManager.swift; sourceTree = "<group>"; };
		C81393CF2ED3DEB800F5E7F9 /* ConversationManagerTests.swift */ = {isa = PBXFileReference; lastKnownFileType = sourcecode.swift; path = ConversationManagerTests.swift; sourceTree = "<group>"; };
		C81393D02ED3DEB800F5E7F9 /* ConversationTimelineGrouperTests.swift */ = {isa = PBXFileReference; lastKnownFileType = sourcecode.swift; path = ConversationTimelineGrouperTests.swift; sourceTree = "<group>"; };
		C81393D12ED3DEB800F5E7F9 /* EncryptedConversationStoreTests.swift */ = {isa = PBXFileReference; lastKnownFileType = sourcecode.swift; path = EncryptedConversationStoreTests.swift; sourceTree = "<group>"; };
		C81393D22ED3DEB800F5E7F9 /* MarkdownRendererTests.swift */ = {isa = PBXFileReference; lastKnownFileType = sourcecode.swift; path = MarkdownRendererTests.swift; sourceTree = "<group>"; };
		C81393D32ED3DEB800F5E7F9 /* MCPServerManagerTests.swift */ = {isa = PBXFileReference; lastKnownFileType = sourcecode.swift; path = MCPServerManagerTests.swift; sourceTree = "<group>"; };
		C81393D42ED3DEB800F5E7F9 /* OpenAIServiceTests.swift */ = {isa = PBXFileReference; lastKnownFileType = sourcecode.swift; path = OpenAIServiceTests.swift; sourceTree = "<group>"; };
		C81393D52ED3DEB800F5E7F9 /* TestHelpers.swift */ = {isa = PBXFileReference; lastKnownFileType = sourcecode.swift; path = TestHelpers.swift; sourceTree = "<group>"; };
		C81393D72ED3DEB800F5E7F9 /* AynaSmokeUITests.swift */ = {isa = PBXFileReference; lastKnownFileType = sourcecode.swift; path = AynaSmokeUITests.swift; sourceTree = "<group>"; };
		C81393D82ED3DEB800F5E7F9 /* AynaUITestCase.swift */ = {isa = PBXFileReference; lastKnownFileType = sourcecode.swift; path = AynaUITestCase.swift; sourceTree = "<group>"; };
		C813941D2ED3DEC900F5E7F9 /* IOSChatView.swift */ = {isa = PBXFileReference; lastKnownFileType = sourcecode.swift; path = IOSChatView.swift; sourceTree = "<group>"; };
		C813941E2ED3DEC900F5E7F9 /* IOSContentView.swift */ = {isa = PBXFileReference; lastKnownFileType = sourcecode.swift; path = IOSContentView.swift; sourceTree = "<group>"; };
		C813941F2ED3DEC900F5E7F9 /* IOSMessageView.swift */ = {isa = PBXFileReference; lastKnownFileType = sourcecode.swift; path = IOSMessageView.swift; sourceTree = "<group>"; };
		A1B2C3D913064F88B81B4CA2 /* IOSMultiModelResponseView.swift */ = {isa = PBXFileReference; lastKnownFileType = sourcecode.swift; path = IOSMultiModelResponseView.swift; sourceTree = "<group>"; };
		C81394202ED3DEC900F5E7F9 /* IOSSettingsView.swift */ = {isa = PBXFileReference; lastKnownFileType = sourcecode.swift; path = IOSSettingsView.swift; sourceTree = "<group>"; };
		C81394212ED3DEC900F5E7F9 /* IOSSidebarView.swift */ = {isa = PBXFileReference; lastKnownFileType = sourcecode.swift; path = IOSSidebarView.swift; sourceTree = "<group>"; };
		2474F93F7DAB4AAB8A18CC40 /* IOSMessageComposer.swift */ = {isa = PBXFileReference; lastKnownFileType = sourcecode.swift; path = IOSMessageComposer.swift; sourceTree = "<group>"; };
		C81394232ED3DEC900F5E7F9 /* AIKitSettingsView.swift */ = {isa = PBXFileReference; lastKnownFileType = sourcecode.swift; path = AIKitSettingsView.swift; sourceTree = "<group>"; };
		C81394242ED3DEC900F5E7F9 /* DynamicTextEditor.swift */ = {isa = PBXFileReference; lastKnownFileType = sourcecode.swift; path = DynamicTextEditor.swift; sourceTree = "<group>"; };
		C81394252ED3DEC900F5E7F9 /* MacChatView.swift */ = {isa = PBXFileReference; lastKnownFileType = sourcecode.swift; path = MacChatView.swift; sourceTree = "<group>"; };
		C813945B2ED3DEC900F5E7F9 /* ConversationSystemPromptSheet.swift */ = {isa = PBXFileReference; lastKnownFileType = sourcecode.swift; path = ConversationSystemPromptSheet.swift; sourceTree = "<group>"; };
		C81394262ED3DEC900F5E7F9 /* MacContentView.swift */ = {isa = PBXFileReference; lastKnownFileType = sourcecode.swift; path = MacContentView.swift; sourceTree = "<group>"; };
		C81394272ED3DEC900F5E7F9 /* MacMessageView.swift */ = {isa = PBXFileReference; lastKnownFileType = sourcecode.swift; path = MacMessageView.swift; sourceTree = "<group>"; };
		A1B2C3D713064F88B81B4CA2 /* MultiModelResponseView.swift */ = {isa = PBXFileReference; lastKnownFileType = sourcecode.swift; path = MultiModelResponseView.swift; sourceTree = "<group>"; };
		C81394282ED3DEC900F5E7F9 /* MacSettingsView.swift */ = {isa = PBXFileReference; lastKnownFileType = sourcecode.swift; path = MacSettingsView.swift; sourceTree = "<group>"; };
		C81394292ED3DEC900F5E7F9 /* MacSidebarView.swift */ = {isa = PBXFileReference; lastKnownFileType = sourcecode.swift; path = MacSidebarView.swift; sourceTree = "<group>"; };
		C813942A2ED3DEC900F5E7F9 /* MCPSettingsView.swift */ = {isa = PBXFileReference; lastKnownFileType = sourcecode.swift; path = MCPSettingsView.swift; sourceTree = "<group>"; };
		C813942B2ED3DEC900F5E7F9 /* MCPToolSummaryView.swift */ = {isa = PBXFileReference; lastKnownFileType = sourcecode.swift; path = MCPToolSummaryView.swift; sourceTree = "<group>"; };
		C8C534DC2ED41F89003D2BAC /* Ayna-iOSTests.xctest */ = {isa = PBXFileReference; explicitFileType = wrapper.cfbundle; includeInIndex = 0; path = "Ayna-iOSTests.xctest"; sourceTree = BUILT_PRODUCTS_DIR; };
		C8F1E0002ED5B4F500B5BC45 /* aynaTests.xctest */ = {isa = PBXFileReference; explicitFileType = wrapper.cfbundle; includeInIndex = 0; path = aynaTests.xctest; sourceTree = BUILT_PRODUCTS_DIR; };
		C8FBD3B82ED2F42B00E39928 /* Ayna-iOS.app */ = {isa = PBXFileReference; explicitFileType = wrapper.application; includeInIndex = 0; path = "Ayna-iOS.app"; sourceTree = BUILT_PRODUCTS_DIR; };
		C9A100013090F5E900ABCD01 /* aynaUITests.xctest */ = {isa = PBXFileReference; explicitFileType = wrapper.cfbundle; includeInIndex = 0; path = aynaUITests.xctest; sourceTree = BUILT_PRODUCTS_DIR; };
		A1B2C3D413064F88B81B4CA1 /* IOSChatViewModel.swift */ = {isa = PBXFileReference; lastKnownFileType = sourcecode.swift; path = IOSChatViewModel.swift; sourceTree = "<group>"; };
/* End PBXFileReference section */

/* Begin PBXFileSystemSynchronizedRootGroup section */
		C8C534DD2ED41F89003D2BAC /* Ayna-iOSTests */ = {isa = PBXFileSystemSynchronizedRootGroup; explicitFileTypes = {}; explicitFolders = (); path = "Ayna-iOSTests"; sourceTree = "<group>"; };
/* End PBXFileSystemSynchronizedRootGroup section */

/* Begin PBXFrameworksBuildPhase section */
		05000001 /* Frameworks */ = {
			isa = PBXFrameworksBuildPhase;
			buildActionMask = 2147483647;
			files = (
			);
			runOnlyForDeploymentPostprocessing = 0;
		};
		C8C534D92ED41F89003D2BAC /* Frameworks */ = {
			isa = PBXFrameworksBuildPhase;
			buildActionMask = 2147483647;
			files = (
			);
			runOnlyForDeploymentPostprocessing = 0;
		};
		C8F1B0022ED5B4F500B5BC45 /* Frameworks */ = {
			isa = PBXFrameworksBuildPhase;
			buildActionMask = 2147483647;
			files = (
			);
			runOnlyForDeploymentPostprocessing = 0;
		};
		C8FBD3B52ED2F42A00E39928 /* Frameworks */ = {
			isa = PBXFrameworksBuildPhase;
			buildActionMask = 2147483647;
			files = (
			);
			runOnlyForDeploymentPostprocessing = 0;
		};
		C9A1B1023090F5E900ABCD01 /* Frameworks */ = {
			isa = PBXFrameworksBuildPhase;
			buildActionMask = 2147483647;
			files = (
			);
			runOnlyForDeploymentPostprocessing = 0;
		};
/* End PBXFrameworksBuildPhase section */

/* Begin PBXGroup section */
		06000001 = {
			isa = PBXGroup;
			children = (
				06000004 /* Views */,
				06000003 /* Products */,
				C81393A82ED3DE9900F5E7F9 /* App */,
				C81393CE2ED3DEB800F5E7F9 /* Core */,
				C81393DA2ED3DEB800F5E7F9 /* Tests */,
				C813942D2ED3DEC900F5E7F9 /* Views */,
				C81393A32ED3DE9900F5E7F9 /* Assets.xcassets */,
			);
			sourceTree = "<group>";
		};
		06000003 /* Products */ = {
			isa = PBXGroup;
			children = (
				03000001 /* Ayna.app */,
				C8F1E0002ED5B4F500B5BC45 /* aynaTests.xctest */,
				C9A100013090F5E900ABCD01 /* aynaUITests.xctest */,
				C8FBD3B82ED2F42B00E39928 /* Ayna-iOS.app */,
				C8C534DC2ED41F89003D2BAC /* Ayna-iOSTests.xctest */,
			);
			name = Products;
			sourceTree = "<group>";
		};
		06000004 /* Views */ = {
			isa = PBXGroup;
			children = (
			);
			path = Views;
			sourceTree = "<group>";
		};
		C81393A22ED3DE9900F5E7F9 /* iOS */ = {
			isa = PBXGroup;
			children = (
				C81393A12ED3DE9900F5E7F9 /* AynaIOSApp.swift */,
			);
			path = iOS;
			sourceTree = "<group>";
		};
		C81393A72ED3DE9900F5E7F9 /* macOS */ = {
			isa = PBXGroup;
			children = (
				C81393A52ED3DE9900F5E7F9 /* aynaApp.swift */,
				C81393A42ED3DE9900F5E7F9 /* ayna.entitlements */,
				C81393A62ED3DE9900F5E7F9 /* Info.plist */,
			);
			path = macOS;
			sourceTree = "<group>";
		};
		C81393A82ED3DE9900F5E7F9 /* App */ = {
			isa = PBXGroup;
			children = (
				C81393A22ED3DE9900F5E7F9 /* iOS */,
				C81393A72ED3DE9900F5E7F9 /* macOS */,
			);
			path = App;
			sourceTree = "<group>";
		};
		C81393B22ED3DEB800F5E7F9 /* Diagnostics */ = {
			isa = PBXGroup;
			children = (
				C81393B12ED3DEB800F5E7F9 /* DiagnosticsLogger.swift */,
			);
			path = Diagnostics;
			sourceTree = "<group>";
		};
		C81393B72ED3DEB800F5E7F9 /* Models */ = {
			isa = PBXGroup;
			children = (
				C81393B32ED3DEB800F5E7F9 /* ContentBlock.swift */,
				C81393B42ED3DEB800F5E7F9 /* Conversation.swift */,
				C81393B52ED3DEB800F5E7F9 /* MCPModels.swift */,
				C81393B62ED3DEB800F5E7F9 /* Message.swift */,
							A1B2C3D413064F88B81B4CA2 /* ResponseGroup.swift */,
			);
			path = Models;
			sourceTree = "<group>";
		};
		C81393C12ED3DEB800F5E7F9 /* Services */ = {
			isa = PBXGroup;
			children = (
				C81393B82ED3DEB800F5E7F9 /* AIKitService.swift */,
				C81393B92ED3DEB800F5E7F9 /* AppleIntelligenceService.swift */,
				C81393BA2ED3DEB800F5E7F9 /* AttachmentStorage.swift */,
				B0F01CAC13064F88B81B4CA1 /* ConversationPersistenceCoordinator.swift */,
				C81393BB2ED3DEB800F5E7F9 /* EncryptedConversationStore.swift */,
				GITHUB0AUTH13064F88B81B00 /* GitHubOAuthService.swift */,
				C81393BC2ED3DEB800F5E7F9 /* KeychainStorage.swift */,
				C81393BD2ED3DEB800F5E7F9 /* MCPServerManager.swift */,
				C81393BE2ED3DEB800F5E7F9 /* MCPServerStatus.swift */,
				C81393BF2ED3DEB800F5E7F9 /* MCPService.swift */,
				D0A1B2C313064F88B81B4CA1 /* OpenAIEndpointResolver.swift */,
				D0A1B2C513064F88B81B4CA5 /* OpenAIImageService.swift */,
				D0A1B2C713064F88B81B4CA5 /* OpenAIRequestBuilder.swift */,
				D0A1B2C413064F88B81B4CA1 /* OpenAIRetryPolicy.swift */,
				C81393C02ED3DEB800F5E7F9 /* OpenAIService.swift */,
				D0A1B2C613064F88B81B4CA5 /* OpenAIStreamParser.swift */,
			);
			path = Services;
			sourceTree = "<group>";
		};
		C81393CB2ED3DEB800F5E7F9 /* Utilities */ = {
			isa = PBXGroup;
			children = (
				C81393C22ED3DEB800F5E7F9 /* AppPreferences.swift */,
				C81393C32ED3DEB800F5E7F9 /* ConversationExporter.swift */,
				C81393C42ED3DEB800F5E7F9 /* ConversationTimelineGrouper.swift */,
				C81393C52ED3DEB800F5E7F9 /* EphemeralKeychainStorage.swift */,
				C81393C62ED3DEB800F5E7F9 /* MarkdownRenderer.swift */,
				C81393C72ED3DEB800F5E7F9 /* MCPProcessTracker.swift */,
				C81393C82ED3DEB800F5E7F9 /* SettingsNavigator.swift */,
				C81393C92ED3DEB800F5E7F9 /* TestIdentifiers.swift */,
				C81393CA2ED3DEB800F5E7F9 /* UITestEnvironment.swift */,
			);
			path = Utilities;
			sourceTree = "<group>";
		};
		C81393CD2ED3DEB800F5E7F9 /* ViewModels */ = {
			isa = PBXGroup;
			children = (
				C81393CC2ED3DEB800F5E7F9 /* ConversationManager.swift */,
				A1B2C3D413064F88B81B4CA1 /* IOSChatViewModel.swift */,
			);
			path = ViewModels;
			sourceTree = "<group>";
		};
		C81393CE2ED3DEB800F5E7F9 /* Core */ = {
			isa = PBXGroup;
			children = (
				C81393B22ED3DEB800F5E7F9 /* Diagnostics */,
				C81393B72ED3DEB800F5E7F9 /* Models */,
				C81393C12ED3DEB800F5E7F9 /* Services */,
				C81393CB2ED3DEB800F5E7F9 /* Utilities */,
				C81393CD2ED3DEB800F5E7F9 /* ViewModels */,
			);
			path = Core;
			sourceTree = "<group>";
		};
		C81393D62ED3DEB800F5E7F9 /* aynaTests */ = {
			isa = PBXGroup;
			children = (
				C81393CF2ED3DEB800F5E7F9 /* ConversationManagerTests.swift */,
				C81393D02ED3DEB800F5E7F9 /* ConversationTimelineGrouperTests.swift */,
				C81393D12ED3DEB800F5E7F9 /* EncryptedConversationStoreTests.swift */,
				C81393D22ED3DEB800F5E7F9 /* MarkdownRendererTests.swift */,
				C81393D32ED3DEB800F5E7F9 /* MCPServerManagerTests.swift */,
				C81393D42ED3DEB800F5E7F9 /* OpenAIServiceTests.swift */,
				C81393D52ED3DEB800F5E7F9 /* TestHelpers.swift */,
			);
			path = aynaTests;
			sourceTree = "<group>";
		};
		C81393D92ED3DEB800F5E7F9 /* aynaUITests */ = {
			isa = PBXGroup;
			children = (
				C81393D72ED3DEB800F5E7F9 /* AynaSmokeUITests.swift */,
				C81393D82ED3DEB800F5E7F9 /* AynaUITestCase.swift */,
			);
			path = aynaUITests;
			sourceTree = "<group>";
		};
		C81393DA2ED3DEB800F5E7F9 /* Tests */ = {
			isa = PBXGroup;
			children = (
				C81393D62ED3DEB800F5E7F9 /* aynaTests */,
				C81393D92ED3DEB800F5E7F9 /* aynaUITests */,
				C8C534DD2ED41F89003D2BAC /* Ayna-iOSTests */,
			);
			path = Tests;
			sourceTree = "<group>";
		};
		C81394222ED3DEC900F5E7F9 /* iOS */ = {
			isa = PBXGroup;
			children = (
				C813941D2ED3DEC900F5E7F9 /* IOSChatView.swift */,
				C813941E2ED3DEC900F5E7F9 /* IOSContentView.swift */,
				C813941F2ED3DEC900F5E7F9 /* IOSMessageView.swift */,
							A1B2C3D913064F88B81B4CA2 /* IOSMultiModelResponseView.swift */,
				C81394202ED3DEC900F5E7F9 /* IOSSettingsView.swift */,
				C81394212ED3DEC900F5E7F9 /* IOSSidebarView.swift */,
								2474F93F7DAB4AAB8A18CC40 /* IOSMessageComposer.swift */,
			);
			path = iOS;
			sourceTree = "<group>";
		};
		C813942C2ED3DEC900F5E7F9 /* macOS */ = {
			isa = PBXGroup;
			children = (
				C81394232ED3DEC900F5E7F9 /* AIKitSettingsView.swift */,
				C81394242ED3DEC900F5E7F9 /* DynamicTextEditor.swift */,
				C81394252ED3DEC900F5E7F9 /* MacChatView.swift */,
				C813945B2ED3DEC900F5E7F9 /* ConversationSystemPromptSheet.swift */,
				C81394262ED3DEC900F5E7F9 /* MacContentView.swift */,
				C81394272ED3DEC900F5E7F9 /* MacMessageView.swift */,
							A1B2C3D713064F88B81B4CA2 /* MultiModelResponseView.swift */,
				C81394282ED3DEC900F5E7F9 /* MacSettingsView.swift */,
				C81394292ED3DEC900F5E7F9 /* MacSidebarView.swift */,
				C813942A2ED3DEC900F5E7F9 /* MCPSettingsView.swift */,
				C813942B2ED3DEC900F5E7F9 /* MCPToolSummaryView.swift */,
			);
			path = macOS;
			sourceTree = "<group>";
		};
		C813942D2ED3DEC900F5E7F9 /* Views */ = {
			isa = PBXGroup;
			children = (
				C81394222ED3DEC900F5E7F9 /* iOS */,
				C813942C2ED3DEC900F5E7F9 /* macOS */,
			);
			path = Views;
			sourceTree = "<group>";
		};
/* End PBXGroup section */

/* Begin PBXNativeTarget section */
		07000001 /* Ayna */ = {
			isa = PBXNativeTarget;
			buildConfigurationList = 08000001 /* Build configuration list for PBXNativeTarget "Ayna" */;
			buildPhases = (
				05000001 /* Frameworks */,
				09000001 /* Sources */,
				10000001 /* Resources */,
			);
			buildRules = (
			);
			dependencies = (
			);
			name = Ayna;
			productName = Ayna;
			productReference = 03000001 /* Ayna.app */;
			productType = "com.apple.product-type.application";
		};
		C8C534DB2ED41F89003D2BAC /* Ayna-iOSTests */ = {
			isa = PBXNativeTarget;
			buildConfigurationList = C8C534E42ED41F89003D2BAC /* Build configuration list for PBXNativeTarget "Ayna-iOSTests" */;
			buildPhases = (
				C8C534D82ED41F89003D2BAC /* Sources */,
				C8C534D92ED41F89003D2BAC /* Frameworks */,
				C8C534DA2ED41F89003D2BAC /* Resources */,
			);
			buildRules = (
			);
			dependencies = (
				C8C534E12ED41F89003D2BAC /* PBXTargetDependency */,
			);
			fileSystemSynchronizedGroups = (
				C8C534DD2ED41F89003D2BAC /* Ayna-iOSTests */,
			);
			name = "Ayna-iOSTests";
			packageProductDependencies = (
			);
			productName = "Ayna-iOSTests";
			productReference = C8C534DC2ED41F89003D2BAC /* Ayna-iOSTests.xctest */;
			productType = "com.apple.product-type.bundle.unit-test";
		};
		C8F1C0012ED5B4F500B5BC45 /* aynaTests */ = {
			isa = PBXNativeTarget;
			buildConfigurationList = C8F1D0032ED5B4F500B5BC45 /* Build configuration list for PBXNativeTarget "aynaTests" */;
			buildPhases = (
				C8F1B0012ED5B4F500B5BC45 /* Sources */,
				C8F1B0022ED5B4F500B5BC45 /* Frameworks */,
			);
			buildRules = (
			);
			dependencies = (
				C8F1C0022ED5B4F500B5BC45 /* PBXTargetDependency */,
			);
			name = aynaTests;
			productName = aynaTests;
			productReference = C8F1E0002ED5B4F500B5BC45 /* aynaTests.xctest */;
			productType = "com.apple.product-type.bundle.unit-test";
		};
		C8FBD3B72ED2F42A00E39928 /* Ayna-iOS */ = {
			isa = PBXNativeTarget;
			buildConfigurationList = C8FBD3C22ED2F42C00E39928 /* Build configuration list for PBXNativeTarget "Ayna-iOS" */;
			buildPhases = (
				C8FBD3B42ED2F42A00E39928 /* Sources */,
				C8FBD3B52ED2F42A00E39928 /* Frameworks */,
				C8FBD3B62ED2F42A00E39928 /* Resources */,
			);
			buildRules = (
			);
			dependencies = (
			);
			name = "Ayna-iOS";
			packageProductDependencies = (
			);
			productName = "ayna-ios";
			productReference = C8FBD3B82ED2F42B00E39928 /* Ayna-iOS.app */;
			productType = "com.apple.product-type.application";
		};
		C9A1C1013090F5E900ABCD01 /* aynaUITests */ = {
			isa = PBXNativeTarget;
			buildConfigurationList = C9A1D0033090F5E900ABCD01 /* Build configuration list for PBXNativeTarget "aynaUITests" */;
			buildPhases = (
				C9A1B1013090F5E900ABCD01 /* Sources */,
				C9A1B1023090F5E900ABCD01 /* Frameworks */,
			);
			buildRules = (
			);
			dependencies = (
				C9A1C3013090F5E900ABCD01 /* PBXTargetDependency */,
			);
			name = aynaUITests;
			productName = aynaUITests;
			productReference = C9A100013090F5E900ABCD01 /* aynaUITests.xctest */;
			productType = "com.apple.product-type.bundle.ui-testing";
		};
/* End PBXNativeTarget section */

/* Begin PBXProject section */
		11000001 /* Project object */ = {
			isa = PBXProject;
			attributes = {
				BuildIndependentTargetsInParallel = 1;
				LastSwiftUpdateCheck = 2610;
				LastUpgradeCheck = 2610;
				TargetAttributes = {
					07000001 = {
						CreatedOnToolsVersion = 15.0;
					};
					C8C534DB2ED41F89003D2BAC = {
						CreatedOnToolsVersion = 26.1.1;
						TestTargetID = C8FBD3B72ED2F42A00E39928;
					};
					C8F1C0012ED5B4F500B5BC45 = {
						CreatedOnToolsVersion = 15.0;
						TestTargetID = 07000001;
					};
					C8FBD3B72ED2F42A00E39928 = {
						CreatedOnToolsVersion = 26.1.1;
					};
					C9A1C1013090F5E900ABCD01 = {
						CreatedOnToolsVersion = 15.0;
						TestTargetID = 07000001;
					};
				};
			};
			buildConfigurationList = 12000001 /* Build configuration list for PBXProject "Ayna" */;
			compatibilityVersion = "Xcode 14.0";
			developmentRegion = en;
			hasScannedForEncodings = 0;
			knownRegions = (
				en,
				Base,
			);
			mainGroup = 06000001;
			packageReferences = (
			);
			productRefGroup = 06000003 /* Products */;
			projectDirPath = "";
			projectRoot = "";
			targets = (
				07000001 /* Ayna */,
				C8FBD3B72ED2F42A00E39928 /* Ayna-iOS */,
				C8F1C0012ED5B4F500B5BC45 /* aynaTests */,
				C8C534DB2ED41F89003D2BAC /* Ayna-iOSTests */,
				C9A1C1013090F5E900ABCD01 /* aynaUITests */,
			);
		};
/* End PBXProject section */

/* Begin PBXResourcesBuildPhase section */
		10000001 /* Resources */ = {
			isa = PBXResourcesBuildPhase;
			buildActionMask = 2147483647;
			files = (
				C81393AB2ED3DE9900F5E7F9 /* Assets.xcassets in Resources */,
				C81393AC2ED3DE9900F5E7F9 /* Info.plist in Resources */,
			);
			runOnlyForDeploymentPostprocessing = 0;
		};
		C8C534DA2ED41F89003D2BAC /* Resources */ = {
			isa = PBXResourcesBuildPhase;
			buildActionMask = 2147483647;
			files = (
			);
			runOnlyForDeploymentPostprocessing = 0;
		};
		C8FBD3B62ED2F42A00E39928 /* Resources */ = {
			isa = PBXResourcesBuildPhase;
			buildActionMask = 2147483647;
			files = (
				C81393AF2ED3DE9900F5E7F9 /* Assets.xcassets in Resources */,
			);
			runOnlyForDeploymentPostprocessing = 0;
		};
/* End PBXResourcesBuildPhase section */

/* Begin PBXSourcesBuildPhase section */
		09000001 /* Sources */ = {
			isa = PBXSourcesBuildPhase;
			buildActionMask = 2147483647;
			files = (
				C81393FC2ED3DEB800F5E7F9 /* Conversation.swift in Sources */,
				C81393FD2ED3DEB800F5E7F9 /* MarkdownRenderer.swift in Sources */,
				C81393FE2ED3DEB800F5E7F9 /* MCPModels.swift in Sources */,
				C81393FF2ED3DEB800F5E7F9 /* EncryptedConversationStore.swift in Sources */,
				C81394012ED3DEB800F5E7F9 /* Message.swift in Sources */,
						A1B2C3D613064F88B81B4CA3 /* ResponseGroup.swift in Sources */,
				C81394032ED3DEB800F5E7F9 /* TestIdentifiers.swift in Sources */,
				C81394042ED3DEB800F5E7F9 /* UITestEnvironment.swift in Sources */,
				C81394052ED3DEB800F5E7F9 /* MCPService.swift in Sources */,
				C81394062ED3DEB800F5E7F9 /* AppleIntelligenceService.swift in Sources */,
				C81394072ED3DEB800F5E7F9 /* ContentBlock.swift in Sources */,
				C81394082ED3DEB800F5E7F9 /* SettingsNavigator.swift in Sources */,
				C81394092ED3DEB800F5E7F9 /* OpenAIService.swift in Sources */,
				D0A1B2C513064F88B81B4CA2 /* OpenAIEndpointResolver.swift in Sources */,
				D0A1B2C913064F88B81B4CA2 /* OpenAIImageService.swift in Sources */,
				D0A1B2C613064F88B81B4CA2 /* OpenAIRetryPolicy.swift in Sources */,
				D0A1B2CB13064F88B81B4CA2 /* OpenAIStreamParser.swift in Sources */,
				D0A1B2CD13064F88B81B4CA2 /* OpenAIRequestBuilder.swift in Sources */,
				C813940A2ED3DEB800F5E7F9 /* KeychainStorage.swift in Sources */,
				GITHUB0AUTH13064F88B81B01 /* GitHubOAuthService.swift in Sources */,
				B0F01CAC13064F88B81B4CA2 /* ConversationPersistenceCoordinator.swift in Sources */,
				C813940B2ED3DEB800F5E7F9 /* MCPServerManager.swift in Sources */,
				C813940C2ED3DEB800F5E7F9 /* AIKitService.swift in Sources */,
				C813940D2ED3DEB800F5E7F9 /* EphemeralKeychainStorage.swift in Sources */,
				C813940E2ED3DEB800F5E7F9 /* AttachmentStorage.swift in Sources */,
				C813940F2ED3DEB800F5E7F9 /* ConversationExporter.swift in Sources */,
				C81394112ED3DEB800F5E7F9 /* MCPProcessTracker.swift in Sources */,
				C81394122ED3DEB800F5E7F9 /* ConversationTimelineGrouper.swift in Sources */,
				C81394132ED3DEB800F5E7F9 /* AppPreferences.swift in Sources */,
				C81394142ED3DEB800F5E7F9 /* MCPServerStatus.swift in Sources */,
				C81394162ED3DEB800F5E7F9 /* ConversationManager.swift in Sources */,
				C81394182ED3DEB800F5E7F9 /* DiagnosticsLogger.swift in Sources */,
				C813942E2ED3DEC900F5E7F9 /* MacSidebarView.swift in Sources */,
				C81394302ED3DEC900F5E7F9 /* MacContentView.swift in Sources */,
				C81394312ED3DEC900F5E7F9 /* MCPToolSummaryView.swift in Sources */,
				C81394322ED3DEC900F5E7F9 /* MacChatView.swift in Sources */,
				C813945A2ED3DEC900F5E7F9 /* ConversationSystemPromptSheet.swift in Sources */,
				C81394332ED3DEC900F5E7F9 /* DynamicTextEditor.swift in Sources */,
				C81394352ED3DEC900F5E7F9 /* MacSettingsView.swift in Sources */,
				C81394392ED3DEC900F5E7F9 /* MCPSettingsView.swift in Sources */,
				C813943A2ED3DEC900F5E7F9 /* AIKitSettingsView.swift in Sources */,
				C813943B2ED3DEC900F5E7F9 /* MacMessageView.swift in Sources */,
						A1B2C3D813064F88B81B4CA2 /* MultiModelResponseView.swift in Sources */,
				C81393AA2ED3DE9900F5E7F9 /* aynaApp.swift in Sources */,
			);
			runOnlyForDeploymentPostprocessing = 0;
		};
		C8C534D82ED41F89003D2BAC /* Sources */ = {
			isa = PBXSourcesBuildPhase;
			buildActionMask = 2147483647;
			files = (
			);
			runOnlyForDeploymentPostprocessing = 0;
		};
		C8F1B0012ED5B4F500B5BC45 /* Sources */ = {
			isa = PBXSourcesBuildPhase;
			buildActionMask = 2147483647;
			files = (
				C8C534CF2ED40B39003D2BAC /* TestHelpers.swift in Sources */,
				C8C534D02ED40B39003D2BAC /* MCPServerManagerTests.swift in Sources */,
				C8C534D12ED40B39003D2BAC /* OpenAIServiceTests.swift in Sources */,
				C8C534D22ED40B39003D2BAC /* ConversationTimelineGrouperTests.swift in Sources */,
				C8C534D32ED40B39003D2BAC /* ConversationManagerTests.swift in Sources */,
				C8C534D42ED40B39003D2BAC /* EncryptedConversationStoreTests.swift in Sources */,
				C8C534D52ED40B39003D2BAC /* MarkdownRendererTests.swift in Sources */,
			);
			runOnlyForDeploymentPostprocessing = 0;
		};
		C8FBD3B42ED2F42A00E39928 /* Sources */ = {
			isa = PBXSourcesBuildPhase;
			buildActionMask = 2147483647;
			files = (
				C81393DB2ED3DEB800F5E7F9 /* Conversation.swift in Sources */,
				C81393DC2ED3DEB800F5E7F9 /* MarkdownRenderer.swift in Sources */,
				C81393DD2ED3DEB800F5E7F9 /* MCPModels.swift in Sources */,
				C81393DE2ED3DEB800F5E7F9 /* EncryptedConversationStore.swift in Sources */,
				C81393E02ED3DEB800F5E7F9 /* Message.swift in Sources */,
						A1B2C3D513064F88B81B4CA3 /* ResponseGroup.swift in Sources */,
				C81393E22ED3DEB800F5E7F9 /* TestIdentifiers.swift in Sources */,
				C81393E32ED3DEB800F5E7F9 /* UITestEnvironment.swift in Sources */,
				C81393E52ED3DEB800F5E7F9 /* AppleIntelligenceService.swift in Sources */,
				C81393E62ED3DEB800F5E7F9 /* ContentBlock.swift in Sources */,
				C81393E72ED3DEB800F5E7F9 /* SettingsNavigator.swift in Sources */,
				C81393E82ED3DEB800F5E7F9 /* OpenAIService.swift in Sources */,
				D0A1B2C713064F88B81B4CA3 /* OpenAIEndpointResolver.swift in Sources */,
				D0A1B2CA13064F88B81B4CA3 /* OpenAIImageService.swift in Sources */,
				D0A1B2C813064F88B81B4CA3 /* OpenAIRetryPolicy.swift in Sources */,
				D0A1B2CC13064F88B81B4CA3 /* OpenAIStreamParser.swift in Sources */,
				D0A1B2CE13064F88B81B4CA3 /* OpenAIRequestBuilder.swift in Sources */,
				C81393E92ED3DEB800F5E7F9 /* KeychainStorage.swift in Sources */,
				GITHUB0AUTH13064F88B81B02 /* GitHubOAuthService.swift in Sources */,
				B0F01CAC13064F88B81B4CA3 /* ConversationPersistenceCoordinator.swift in Sources */,
				C81393EC2ED3DEB800F5E7F9 /* EphemeralKeychainStorage.swift in Sources */,
				C81393ED2ED3DEB800F5E7F9 /* AttachmentStorage.swift in Sources */,
				C81393EE2ED3DEB800F5E7F9 /* ConversationExporter.swift in Sources */,
				C81393F12ED3DEB800F5E7F9 /* ConversationTimelineGrouper.swift in Sources */,
				C81393F22ED3DEB800F5E7F9 /* AppPreferences.swift in Sources */,
				C81393F52ED3DEB800F5E7F9 /* ConversationManager.swift in Sources */,
				C81393F72ED3DEB800F5E7F9 /* DiagnosticsLogger.swift in Sources */,
				C813943D2ED3DEC900F5E7F9 /* IOSChatView.swift in Sources */,
				C81394422ED3DEC900F5E7F9 /* IOSContentView.swift in Sources */,
				C81394442ED3DEC900F5E7F9 /* IOSMessageView.swift in Sources */,
						A1B2C3DA13064F88B81B4CA2 /* IOSMultiModelResponseView.swift in Sources */,
				C81394452ED3DEC900F5E7F9 /* IOSSettingsView.swift in Sources */,
				C81394462ED3DEC900F5E7F9 /* IOSSidebarView.swift in Sources */,
								BCBB241B825D469EB8C73ED8 /* IOSMessageComposer.swift in Sources */,
				A1B2C3D513064F88B81B4CA2 /* IOSChatViewModel.swift in Sources */,
				C81393AD2ED3DE9900F5E7F9 /* AynaIOSApp.swift in Sources */,
			);
			runOnlyForDeploymentPostprocessing = 0;
		};
		C9A1B1013090F5E900ABCD01 /* Sources */ = {
			isa = PBXSourcesBuildPhase;
			buildActionMask = 2147483647;
			files = (
				C8C534D62ED40B4B003D2BAC /* AynaSmokeUITests.swift in Sources */,
				C8C534D72ED40B4B003D2BAC /* AynaUITestCase.swift in Sources */,
			);
			runOnlyForDeploymentPostprocessing = 0;
		};
/* End PBXSourcesBuildPhase section */

/* Begin PBXTargetDependency section */
		C8C534E12ED41F89003D2BAC /* PBXTargetDependency */ = {
			isa = PBXTargetDependency;
			target = C8FBD3B72ED2F42A00E39928 /* Ayna-iOS */;
			targetProxy = C8C534E02ED41F89003D2BAC /* PBXContainerItemProxy */;
		};
		C8F1C0022ED5B4F500B5BC45 /* PBXTargetDependency */ = {
			isa = PBXTargetDependency;
			target = 07000001 /* Ayna */;
			targetProxy = C8F1C0032ED5B4F500B5BC45 /* PBXContainerItemProxy */;
		};
		C9A1C3013090F5E900ABCD01 /* PBXTargetDependency */ = {
			isa = PBXTargetDependency;
			target = 07000001 /* Ayna */;
			targetProxy = C9A1C2023090F5E900ABCD01 /* PBXContainerItemProxy */;
		};
/* End PBXTargetDependency section */

/* Begin XCBuildConfiguration section */
		13000001 /* Debug */ = {
			isa = XCBuildConfiguration;
			buildSettings = {
				ALWAYS_SEARCH_USER_PATHS = NO;
				ASSETCATALOG_COMPILER_GENERATE_SWIFT_ASSET_SYMBOL_EXTENSIONS = YES;
				CLANG_ANALYZER_NONNULL = YES;
				CLANG_ANALYZER_NUMBER_OBJECT_CONVERSION = YES_AGGRESSIVE;
				CLANG_CXX_LANGUAGE_STANDARD = "gnu++20";
				CLANG_ENABLE_MODULES = YES;
				CLANG_ENABLE_OBJC_ARC = YES;
				CLANG_ENABLE_OBJC_WEAK = YES;
				CLANG_WARN_BLOCK_CAPTURE_AUTORELEASING = YES;
				CLANG_WARN_BOOL_CONVERSION = YES;
				CLANG_WARN_COMMA = YES;
				CLANG_WARN_CONSTANT_CONVERSION = YES;
				CLANG_WARN_DEPRECATED_OBJC_IMPLEMENTATIONS = YES;
				CLANG_WARN_DIRECT_OBJC_ISA_USAGE = YES_ERROR;
				CLANG_WARN_DOCUMENTATION_COMMENTS = YES;
				CLANG_WARN_EMPTY_BODY = YES;
				CLANG_WARN_ENUM_CONVERSION = YES;
				CLANG_WARN_INFINITE_RECURSION = YES;
				CLANG_WARN_INT_CONVERSION = YES;
				CLANG_WARN_NON_LITERAL_NULL_CONVERSION = YES;
				CLANG_WARN_OBJC_IMPLICIT_RETAIN_SELF = YES;
				CLANG_WARN_OBJC_LITERAL_CONVERSION = YES;
				CLANG_WARN_OBJC_ROOT_CLASS = YES_ERROR;
				CLANG_WARN_QUOTED_INCLUDE_IN_FRAMEWORK_HEADER = YES;
				CLANG_WARN_RANGE_LOOP_ANALYSIS = YES;
				CLANG_WARN_STRICT_PROTOTYPES = YES;
				CLANG_WARN_SUSPICIOUS_MOVE = YES;
				CLANG_WARN_UNGUARDED_AVAILABILITY = YES_AGGRESSIVE;
				CLANG_WARN_UNREACHABLE_CODE = YES;
				CLANG_WARN__DUPLICATE_METHOD_MATCH = YES;
				COPY_PHASE_STRIP = NO;
				DEAD_CODE_STRIPPING = YES;
				DEBUG_INFORMATION_FORMAT = dwarf;
				ENABLE_STRICT_OBJC_MSGSEND = YES;
				ENABLE_TESTABILITY = YES;
				ENABLE_USER_SCRIPT_SANDBOXING = YES;
				GCC_C_LANGUAGE_STANDARD = gnu17;
				GCC_DYNAMIC_NO_PIC = NO;
				GCC_NO_COMMON_BLOCKS = YES;
				GCC_OPTIMIZATION_LEVEL = 0;
				GCC_PREPROCESSOR_DEFINITIONS = (
					"DEBUG=1",
					"$(inherited)",
				);
				GCC_WARN_64_TO_32_BIT_CONVERSION = YES;
				GCC_WARN_ABOUT_RETURN_TYPE = YES_ERROR;
				GCC_WARN_UNDECLARED_SELECTOR = YES;
				GCC_WARN_UNINITIALIZED_AUTOS = YES_AGGRESSIVE;
				GCC_WARN_UNUSED_FUNCTION = YES;
				GCC_WARN_UNUSED_VARIABLE = YES;
				LOCALIZATION_PREFERS_STRING_CATALOGS = YES;
				MACOSX_DEPLOYMENT_TARGET = 14.0;
				MTL_ENABLE_DEBUG_INFO = INCLUDE_SOURCE;
				MTL_FAST_MATH = YES;
				ONLY_ACTIVE_ARCH = YES;
				SDKROOT = macosx;
				STRING_CATALOG_GENERATE_SYMBOLS = YES;
				SWIFT_ACTIVE_COMPILATION_CONDITIONS = "DEBUG $(inherited)";
				SWIFT_OPTIMIZATION_LEVEL = "-Onone";
			};
			name = Debug;
		};
		13000002 /* Release */ = {
			isa = XCBuildConfiguration;
			buildSettings = {
				ALWAYS_SEARCH_USER_PATHS = NO;
				ASSETCATALOG_COMPILER_GENERATE_SWIFT_ASSET_SYMBOL_EXTENSIONS = YES;
				CLANG_ANALYZER_NONNULL = YES;
				CLANG_ANALYZER_NUMBER_OBJECT_CONVERSION = YES_AGGRESSIVE;
				CLANG_CXX_LANGUAGE_STANDARD = "gnu++20";
				CLANG_ENABLE_MODULES = YES;
				CLANG_ENABLE_OBJC_ARC = YES;
				CLANG_ENABLE_OBJC_WEAK = YES;
				CLANG_WARN_BLOCK_CAPTURE_AUTORELEASING = YES;
				CLANG_WARN_BOOL_CONVERSION = YES;
				CLANG_WARN_COMMA = YES;
				CLANG_WARN_CONSTANT_CONVERSION = YES;
				CLANG_WARN_DEPRECATED_OBJC_IMPLEMENTATIONS = YES;
				CLANG_WARN_DIRECT_OBJC_ISA_USAGE = YES_ERROR;
				CLANG_WARN_DOCUMENTATION_COMMENTS = YES;
				CLANG_WARN_EMPTY_BODY = YES;
				CLANG_WARN_ENUM_CONVERSION = YES;
				CLANG_WARN_INFINITE_RECURSION = YES;
				CLANG_WARN_INT_CONVERSION = YES;
				CLANG_WARN_NON_LITERAL_NULL_CONVERSION = YES;
				CLANG_WARN_OBJC_IMPLICIT_RETAIN_SELF = YES;
				CLANG_WARN_OBJC_LITERAL_CONVERSION = YES;
				CLANG_WARN_OBJC_ROOT_CLASS = YES_ERROR;
				CLANG_WARN_QUOTED_INCLUDE_IN_FRAMEWORK_HEADER = YES;
				CLANG_WARN_RANGE_LOOP_ANALYSIS = YES;
				CLANG_WARN_STRICT_PROTOTYPES = YES;
				CLANG_WARN_SUSPICIOUS_MOVE = YES;
				CLANG_WARN_UNGUARDED_AVAILABILITY = YES_AGGRESSIVE;
				CLANG_WARN_UNREACHABLE_CODE = YES;
				CLANG_WARN__DUPLICATE_METHOD_MATCH = YES;
				COPY_PHASE_STRIP = NO;
				DEAD_CODE_STRIPPING = YES;
				DEBUG_INFORMATION_FORMAT = "dwarf-with-dsym";
				ENABLE_NS_ASSERTIONS = NO;
				ENABLE_STRICT_OBJC_MSGSEND = YES;
				ENABLE_USER_SCRIPT_SANDBOXING = YES;
				GCC_C_LANGUAGE_STANDARD = gnu17;
				GCC_NO_COMMON_BLOCKS = YES;
				GCC_WARN_64_TO_32_BIT_CONVERSION = YES;
				GCC_WARN_ABOUT_RETURN_TYPE = YES_ERROR;
				GCC_WARN_UNDECLARED_SELECTOR = YES;
				GCC_WARN_UNINITIALIZED_AUTOS = YES_AGGRESSIVE;
				GCC_WARN_UNUSED_FUNCTION = YES;
				GCC_WARN_UNUSED_VARIABLE = YES;
				LOCALIZATION_PREFERS_STRING_CATALOGS = YES;
				MACOSX_DEPLOYMENT_TARGET = 14.0;
				MTL_ENABLE_DEBUG_INFO = NO;
				MTL_FAST_MATH = YES;
				SDKROOT = macosx;
				STRING_CATALOG_GENERATE_SYMBOLS = YES;
				SWIFT_COMPILATION_MODE = wholemodule;
			};
			name = Release;
		};
		14000001 /* Debug */ = {
			isa = XCBuildConfiguration;
			buildSettings = {
				ASSETCATALOG_COMPILER_APPICON_NAME = AppIcon;
				ASSETCATALOG_COMPILER_INCLUDE_ALL_APPICON_ASSETS = NO;
				CODE_SIGN_ALLOW_ENTITLEMENTS_MODIFICATION = YES;
				CODE_SIGN_ENTITLEMENTS = App/macOS/ayna.entitlements;
				"CODE_SIGN_IDENTITY[sdk=macosx*]" = "Apple Development";
				CODE_SIGN_STYLE = Automatic;
				COMBINE_HIDPI_IMAGES = YES;
				CURRENT_PROJECT_VERSION = 1;
				DEAD_CODE_STRIPPING = YES;
				DEVELOPMENT_TEAM = 57QNR9B89Q;
				ENABLE_APP_SANDBOX = NO;
				ENABLE_HARDENED_RUNTIME = YES;
				ENABLE_OUTGOING_NETWORK_CONNECTIONS = YES;
				ENABLE_PREVIEWS = YES;
				ENABLE_USER_SELECTED_FILES = readwrite;
				GENERATE_INFOPLIST_FILE = YES;
				INFOPLIST_KEY_CFBundleDisplayName = Ayna;
				INFOPLIST_KEY_LSApplicationCategoryType = "public.app-category.productivity";
				INFOPLIST_KEY_NSHumanReadableCopyright = "";
				LD_RUNPATH_SEARCH_PATHS = (
					"$(inherited)",
					"@executable_path/../Frameworks",
				);
				MACOSX_DEPLOYMENT_TARGET = 14.6;
				MARKETING_VERSION = 1.0;
				PRODUCT_BUNDLE_IDENTIFIER = com.sertacozercan.ayna;
				PRODUCT_NAME = "$(TARGET_NAME)";
				RUNTIME_EXCEPTION_ALLOW_UNSIGNED_EXECUTABLE_MEMORY = YES;
				RUNTIME_EXCEPTION_DISABLE_LIBRARY_VALIDATION = YES;
				SWIFT_EMIT_LOC_STRINGS = YES;
				SWIFT_VERSION = 6.0;
			};
			name = Debug;
		};
		14000002 /* Release */ = {
			isa = XCBuildConfiguration;
			buildSettings = {
				ASSETCATALOG_COMPILER_APPICON_NAME = AppIcon;
				ASSETCATALOG_COMPILER_INCLUDE_ALL_APPICON_ASSETS = NO;
				CODE_SIGN_ALLOW_ENTITLEMENTS_MODIFICATION = YES;
				CODE_SIGN_ENTITLEMENTS = App/macOS/ayna.entitlements;
				"CODE_SIGN_IDENTITY[sdk=macosx*]" = "Apple Development";
				CODE_SIGN_STYLE = Automatic;
				COMBINE_HIDPI_IMAGES = YES;
				CURRENT_PROJECT_VERSION = 1;
				DEAD_CODE_STRIPPING = YES;
				DEVELOPMENT_TEAM = 57QNR9B89Q;
				ENABLE_APP_SANDBOX = NO;
				ENABLE_HARDENED_RUNTIME = YES;
				ENABLE_OUTGOING_NETWORK_CONNECTIONS = YES;
				ENABLE_PREVIEWS = YES;
				ENABLE_USER_SELECTED_FILES = readwrite;
				GENERATE_INFOPLIST_FILE = YES;
				INFOPLIST_KEY_CFBundleDisplayName = Ayna;
				INFOPLIST_KEY_LSApplicationCategoryType = "public.app-category.productivity";
				INFOPLIST_KEY_NSHumanReadableCopyright = "";
				LD_RUNPATH_SEARCH_PATHS = (
					"$(inherited)",
					"@executable_path/../Frameworks",
				);
				MACOSX_DEPLOYMENT_TARGET = 14.6;
				MARKETING_VERSION = 1.0;
				PRODUCT_BUNDLE_IDENTIFIER = com.sertacozercan.ayna;
				PRODUCT_NAME = "$(TARGET_NAME)";
				RUNTIME_EXCEPTION_ALLOW_UNSIGNED_EXECUTABLE_MEMORY = YES;
				RUNTIME_EXCEPTION_DISABLE_LIBRARY_VALIDATION = YES;
				SWIFT_EMIT_LOC_STRINGS = YES;
				SWIFT_VERSION = 6.0;
			};
			name = Release;
		};
		C8C534E22ED41F89003D2BAC /* Debug */ = {
			isa = XCBuildConfiguration;
			buildSettings = {
				BUNDLE_LOADER = "$(TEST_HOST)";
				CODE_SIGN_STYLE = Automatic;
				CURRENT_PROJECT_VERSION = 1;
				DEVELOPMENT_TEAM = 57QNR9B89Q;
				GENERATE_INFOPLIST_FILE = YES;
				IPHONEOS_DEPLOYMENT_TARGET = 26.1;
				MARKETING_VERSION = 1.0;
				PRODUCT_BUNDLE_IDENTIFIER = "com.sertacozercan.Ayna-iOSTests";
				PRODUCT_NAME = "$(TARGET_NAME)";
				SDKROOT = iphoneos;
				STRING_CATALOG_GENERATE_SYMBOLS = NO;
				SWIFT_APPROACHABLE_CONCURRENCY = YES;
				SWIFT_EMIT_LOC_STRINGS = NO;
				SWIFT_UPCOMING_FEATURE_MEMBER_IMPORT_VISIBILITY = YES;
				SWIFT_VERSION = 5.0;
				TARGETED_DEVICE_FAMILY = "1,2";
				TEST_HOST = "$(BUILT_PRODUCTS_DIR)/Ayna-iOS.app/$(BUNDLE_EXECUTABLE_FOLDER_PATH)/Ayna-iOS";
			};
			name = Debug;
		};
		C8C534E32ED41F89003D2BAC /* Release */ = {
			isa = XCBuildConfiguration;
			buildSettings = {
				BUNDLE_LOADER = "$(TEST_HOST)";
				CODE_SIGN_STYLE = Automatic;
				CURRENT_PROJECT_VERSION = 1;
				DEVELOPMENT_TEAM = 57QNR9B89Q;
				GENERATE_INFOPLIST_FILE = YES;
				IPHONEOS_DEPLOYMENT_TARGET = 26.1;
				MARKETING_VERSION = 1.0;
				PRODUCT_BUNDLE_IDENTIFIER = "com.sertacozercan.Ayna-iOSTests";
				PRODUCT_NAME = "$(TARGET_NAME)";
				SDKROOT = iphoneos;
				STRING_CATALOG_GENERATE_SYMBOLS = NO;
				SWIFT_APPROACHABLE_CONCURRENCY = YES;
				SWIFT_EMIT_LOC_STRINGS = NO;
				SWIFT_UPCOMING_FEATURE_MEMBER_IMPORT_VISIBILITY = YES;
				SWIFT_VERSION = 5.0;
				TARGETED_DEVICE_FAMILY = "1,2";
				TEST_HOST = "$(BUILT_PRODUCTS_DIR)/Ayna-iOS.app/$(BUNDLE_EXECUTABLE_FOLDER_PATH)/Ayna-iOS";
				VALIDATE_PRODUCT = YES;
			};
			name = Release;
		};
		C8F1D0012ED5B4F500B5BC45 /* Debug */ = {
			isa = XCBuildConfiguration;
			buildSettings = {
				ASSETCATALOG_COMPILER_GENERATE_SWIFT_ASSET_SYMBOL_EXTENSIONS = YES;
				BUNDLE_LOADER = "$(TEST_HOST)";
				CODE_SIGN_STYLE = Automatic;
				CURRENT_PROJECT_VERSION = 1;
				DEVELOPMENT_TEAM = 57QNR9B89Q;
				GENERATE_INFOPLIST_FILE = YES;
				LD_RUNPATH_SEARCH_PATHS = (
					"$(inherited)",
					"@executable_path/../Frameworks",
					"@loader_path/../Frameworks",
				);
				MACOSX_DEPLOYMENT_TARGET = 14.6;
				MARKETING_VERSION = 1.0;
				PRODUCT_BUNDLE_IDENTIFIER = com.sertacozercan.aynaTests;
				PRODUCT_NAME = "$(TARGET_NAME)";
				SWIFT_EMIT_LOC_STRINGS = NO;
				SWIFT_VERSION = 6.0;
				TEST_HOST = "$(BUILT_PRODUCTS_DIR)/Ayna.app/Contents/MacOS/Ayna";
			};
			name = Debug;
		};
		C8F1D0022ED5B4F500B5BC45 /* Release */ = {
			isa = XCBuildConfiguration;
			buildSettings = {
				ASSETCATALOG_COMPILER_GENERATE_SWIFT_ASSET_SYMBOL_EXTENSIONS = YES;
				BUNDLE_LOADER = "$(TEST_HOST)";
				CODE_SIGN_STYLE = Automatic;
				CURRENT_PROJECT_VERSION = 1;
				DEVELOPMENT_TEAM = 57QNR9B89Q;
				GENERATE_INFOPLIST_FILE = YES;
				LD_RUNPATH_SEARCH_PATHS = (
					"$(inherited)",
					"@executable_path/../Frameworks",
					"@loader_path/../Frameworks",
				);
				MACOSX_DEPLOYMENT_TARGET = 14.6;
				MARKETING_VERSION = 1.0;
				PRODUCT_BUNDLE_IDENTIFIER = com.sertacozercan.aynaTests;
				PRODUCT_NAME = "$(TARGET_NAME)";
				SWIFT_EMIT_LOC_STRINGS = NO;
				SWIFT_VERSION = 6.0;
				TEST_HOST = "$(BUILT_PRODUCTS_DIR)/Ayna.app/Contents/MacOS/Ayna";
			};
			name = Release;
		};
		C8FBD3C02ED2F42C00E39928 /* Debug */ = {
			isa = XCBuildConfiguration;
			buildSettings = {
				ASSETCATALOG_COMPILER_APPICON_NAME = AppIcon;
				ASSETCATALOG_COMPILER_GLOBAL_ACCENT_COLOR_NAME = AccentColor;
				ASSETCATALOG_COMPILER_INCLUDE_ALL_APPICON_ASSETS = NO;
				CODE_SIGN_STYLE = Automatic;
				CURRENT_PROJECT_VERSION = 1;
				DEVELOPMENT_TEAM = 57QNR9B89Q;
				ENABLE_PREVIEWS = YES;
				GENERATE_INFOPLIST_FILE = YES;
				INFOPLIST_FILE = App/iOS/Info.plist;
				INFOPLIST_KEY_CFBundleDisplayName = Ayna;
				INFOPLIST_KEY_LSApplicationCategoryType = "public.app-category.productivity";
				INFOPLIST_KEY_UIApplicationSceneManifest_Generation = YES;
				INFOPLIST_KEY_UIApplicationSupportsIndirectInputEvents = YES;
				INFOPLIST_KEY_UILaunchScreen_Generation = YES;
				INFOPLIST_KEY_UISupportedInterfaceOrientations_iPad = "UIInterfaceOrientationPortrait UIInterfaceOrientationPortraitUpsideDown UIInterfaceOrientationLandscapeLeft UIInterfaceOrientationLandscapeRight";
				INFOPLIST_KEY_UISupportedInterfaceOrientations_iPhone = "UIInterfaceOrientationPortrait UIInterfaceOrientationLandscapeLeft UIInterfaceOrientationLandscapeRight";
				IPHONEOS_DEPLOYMENT_TARGET = 26.1;
				LD_RUNPATH_SEARCH_PATHS = (
					"$(inherited)",
					"@executable_path/Frameworks",
				);
				MARKETING_VERSION = 1.0;
				PRODUCT_BUNDLE_IDENTIFIER = com.sertacozercan.ayna;
				PRODUCT_NAME = "$(TARGET_NAME)";
				SDKROOT = iphoneos;
				STRING_CATALOG_GENERATE_SYMBOLS = YES;
				SWIFT_APPROACHABLE_CONCURRENCY = YES;
				SWIFT_DEFAULT_ACTOR_ISOLATION = MainActor;
				SWIFT_EMIT_LOC_STRINGS = YES;
				SWIFT_UPCOMING_FEATURE_MEMBER_IMPORT_VISIBILITY = YES;
				SWIFT_VERSION = 5.0;
				TARGETED_DEVICE_FAMILY = "1,2";
			};
			name = Debug;
		};
		C8FBD3C12ED2F42C00E39928 /* Release */ = {
			isa = XCBuildConfiguration;
			buildSettings = {
				ASSETCATALOG_COMPILER_APPICON_NAME = AppIcon;
				ASSETCATALOG_COMPILER_GLOBAL_ACCENT_COLOR_NAME = AccentColor;
				ASSETCATALOG_COMPILER_INCLUDE_ALL_APPICON_ASSETS = NO;
				CODE_SIGN_STYLE = Automatic;
				CURRENT_PROJECT_VERSION = 1;
				DEVELOPMENT_TEAM = 57QNR9B89Q;
				ENABLE_PREVIEWS = YES;
				GENERATE_INFOPLIST_FILE = YES;
				INFOPLIST_FILE = App/iOS/Info.plist;
				INFOPLIST_KEY_CFBundleDisplayName = Ayna;
				INFOPLIST_KEY_LSApplicationCategoryType = "public.app-category.productivity";
				INFOPLIST_KEY_UIApplicationSceneManifest_Generation = YES;
				INFOPLIST_KEY_UIApplicationSupportsIndirectInputEvents = YES;
				INFOPLIST_KEY_UILaunchScreen_Generation = YES;
				INFOPLIST_KEY_UISupportedInterfaceOrientations_iPad = "UIInterfaceOrientationPortrait UIInterfaceOrientationPortraitUpsideDown UIInterfaceOrientationLandscapeLeft UIInterfaceOrientationLandscapeRight";
				INFOPLIST_KEY_UISupportedInterfaceOrientations_iPhone = "UIInterfaceOrientationPortrait UIInterfaceOrientationLandscapeLeft UIInterfaceOrientationLandscapeRight";
				IPHONEOS_DEPLOYMENT_TARGET = 26.1;
				LD_RUNPATH_SEARCH_PATHS = (
					"$(inherited)",
					"@executable_path/Frameworks",
				);
				MARKETING_VERSION = 1.0;
				PRODUCT_BUNDLE_IDENTIFIER = com.sertacozercan.ayna;
				PRODUCT_NAME = "$(TARGET_NAME)";
				SDKROOT = iphoneos;
				STRING_CATALOG_GENERATE_SYMBOLS = YES;
				SWIFT_APPROACHABLE_CONCURRENCY = YES;
				SWIFT_DEFAULT_ACTOR_ISOLATION = MainActor;
				SWIFT_EMIT_LOC_STRINGS = YES;
				SWIFT_UPCOMING_FEATURE_MEMBER_IMPORT_VISIBILITY = YES;
				SWIFT_VERSION = 5.0;
				TARGETED_DEVICE_FAMILY = "1,2";
				VALIDATE_PRODUCT = YES;
			};
			name = Release;
		};
		C9A1D1013090F5E900ABCD01 /* Debug */ = {
			isa = XCBuildConfiguration;
			buildSettings = {
				CODE_SIGN_STYLE = Automatic;
				CURRENT_PROJECT_VERSION = 1;
				DEVELOPMENT_TEAM = 57QNR9B89Q;
				GENERATE_INFOPLIST_FILE = YES;
				LD_RUNPATH_SEARCH_PATHS = (
					"$(inherited)",
					"@executable_path/../Frameworks",
					"@loader_path/../Frameworks",
				);
				MACOSX_DEPLOYMENT_TARGET = 14.6;
				MARKETING_VERSION = 1.0;
				PRODUCT_BUNDLE_IDENTIFIER = com.sertacozercan.aynaUITests;
				PRODUCT_NAME = "$(TARGET_NAME)";
				SWIFT_EMIT_LOC_STRINGS = NO;
				SWIFT_VERSION = 6.0;
				TEST_TARGET_NAME = Ayna;
			};
			name = Debug;
		};
		C9A1D1023090F5E900ABCD01 /* Release */ = {
			isa = XCBuildConfiguration;
			buildSettings = {
				CODE_SIGN_STYLE = Automatic;
				CURRENT_PROJECT_VERSION = 1;
				DEVELOPMENT_TEAM = 57QNR9B89Q;
				GENERATE_INFOPLIST_FILE = YES;
				LD_RUNPATH_SEARCH_PATHS = (
					"$(inherited)",
					"@executable_path/../Frameworks",
					"@loader_path/../Frameworks",
				);
				MACOSX_DEPLOYMENT_TARGET = 14.6;
				MARKETING_VERSION = 1.0;
				PRODUCT_BUNDLE_IDENTIFIER = com.sertacozercan.aynaUITests;
				PRODUCT_NAME = "$(TARGET_NAME)";
				SWIFT_EMIT_LOC_STRINGS = NO;
				SWIFT_VERSION = 6.0;
				TEST_TARGET_NAME = Ayna;
			};
			name = Release;
		};
/* End XCBuildConfiguration section */

/* Begin XCConfigurationList section */
		08000001 /* Build configuration list for PBXNativeTarget "Ayna" */ = {
			isa = XCConfigurationList;
			buildConfigurations = (
				14000001 /* Debug */,
				14000002 /* Release */,
			);
			defaultConfigurationIsVisible = 0;
			defaultConfigurationName = Release;
		};
		12000001 /* Build configuration list for PBXProject "Ayna" */ = {
			isa = XCConfigurationList;
			buildConfigurations = (
				13000001 /* Debug */,
				13000002 /* Release */,
			);
			defaultConfigurationIsVisible = 0;
			defaultConfigurationName = Release;
		};
		C8C534E42ED41F89003D2BAC /* Build configuration list for PBXNativeTarget "Ayna-iOSTests" */ = {
			isa = XCConfigurationList;
			buildConfigurations = (
				C8C534E22ED41F89003D2BAC /* Debug */,
				C8C534E32ED41F89003D2BAC /* Release */,
			);
			defaultConfigurationIsVisible = 0;
			defaultConfigurationName = Release;
		};
		C8F1D0032ED5B4F500B5BC45 /* Build configuration list for PBXNativeTarget "aynaTests" */ = {
			isa = XCConfigurationList;
			buildConfigurations = (
				C8F1D0012ED5B4F500B5BC45 /* Debug */,
				C8F1D0022ED5B4F500B5BC45 /* Release */,
			);
			defaultConfigurationIsVisible = 0;
			defaultConfigurationName = Debug;
		};
		C8FBD3C22ED2F42C00E39928 /* Build configuration list for PBXNativeTarget "Ayna-iOS" */ = {
			isa = XCConfigurationList;
			buildConfigurations = (
				C8FBD3C02ED2F42C00E39928 /* Debug */,
				C8FBD3C12ED2F42C00E39928 /* Release */,
			);
			defaultConfigurationIsVisible = 0;
			defaultConfigurationName = Release;
		};
		C9A1D0033090F5E900ABCD01 /* Build configuration list for PBXNativeTarget "aynaUITests" */ = {
			isa = XCConfigurationList;
			buildConfigurations = (
				C9A1D1013090F5E900ABCD01 /* Debug */,
				C9A1D1023090F5E900ABCD01 /* Release */,
			);
			defaultConfigurationIsVisible = 0;
			defaultConfigurationName = Debug;
		};
/* End XCConfigurationList section */
	};
	rootObject = 11000001 /* Project object */;
}
