// !$*UTF8*$!
{
	archiveVersion = 1;
	classes = {
	};
	objectVersion = 56;
	objects = {

/* Begin PBXBuildFile section */
		01000001 /* aynaApp.swift in Sources */ = {isa = PBXBuildFile; fileRef = 02000001 /* aynaApp.swift */; };
		01000002 /* ContentView.swift in Sources */ = {isa = PBXBuildFile; fileRef = 02000002 /* ContentView.swift */; };
		01000003 /* Assets.xcassets in Resources */ = {isa = PBXBuildFile; fileRef = 02000003 /* Assets.xcassets */; };
		01000004 /* Conversation.swift in Sources */ = {isa = PBXBuildFile; fileRef = 02000004 /* Conversation.swift */; };
		01000005 /* Message.swift in Sources */ = {isa = PBXBuildFile; fileRef = 02000005 /* Message.swift */; };
		01000006 /* OpenAIService.swift in Sources */ = {isa = PBXBuildFile; fileRef = 02000006 /* OpenAIService.swift */; };
		01000013 /* AppleIntelligenceService.swift in Sources */ = {isa = PBXBuildFile; fileRef = 02000013 /* AppleIntelligenceService.swift */; };
		01000007 /* ChatView.swift in Sources */ = {isa = PBXBuildFile; fileRef = 02000007 /* ChatView.swift */; };
		01000008 /* SidebarView.swift in Sources */ = {isa = PBXBuildFile; fileRef = 02000008 /* SidebarView.swift */; };
		01000009 /* SettingsView.swift in Sources */ = {isa = PBXBuildFile; fileRef = 02000009 /* SettingsView.swift */; };
		01000010 /* ConversationManager.swift in Sources */ = {isa = PBXBuildFile; fileRef = 02000010 /* ConversationManager.swift */; };
		01000012 /* MessageView.swift in Sources */ = {isa = PBXBuildFile; fileRef = 02000012 /* MessageView.swift */; };
		C8E86EFE2EB9281300D601B5 /* MCPService.swift in Sources */ = {isa = PBXBuildFile; fileRef = C8E86EFD2EB9281300D601B5 /* MCPService.swift */; };
		C8E86EFF2EB9281300D601B5 /* MCPServerManager.swift in Sources */ = {isa = PBXBuildFile; fileRef = C8E86EFC2EB9281300D601B5 /* MCPServerManager.swift */; };
		C8E86F012EB928F200D601B5 /* MCPModels.swift in Sources */ = {isa = PBXBuildFile; fileRef = C8E86F002EB928F200D601B5 /* MCPModels.swift */; };
		C8E86F032EB9298B00D601B5 /* MCPSettingsView.swift in Sources */ = {isa = PBXBuildFile; fileRef = C8E86F022EB9298B00D601B5 /* MCPSettingsView.swift */; };
/* End PBXBuildFile section */

/* Begin PBXFileReference section */
		02000001 /* aynaApp.swift */ = {isa = PBXFileReference; lastKnownFileType = sourcecode.swift; path = aynaApp.swift; sourceTree = "<group>"; };
		02000002 /* ContentView.swift */ = {isa = PBXFileReference; lastKnownFileType = sourcecode.swift; path = ContentView.swift; sourceTree = "<group>"; };
		02000003 /* Assets.xcassets */ = {isa = PBXFileReference; lastKnownFileType = folder.assetcatalog; path = Assets.xcassets; sourceTree = "<group>"; };
		02000004 /* Conversation.swift */ = {isa = PBXFileReference; lastKnownFileType = sourcecode.swift; path = Conversation.swift; sourceTree = "<group>"; };
		02000005 /* Message.swift */ = {isa = PBXFileReference; lastKnownFileType = sourcecode.swift; path = Message.swift; sourceTree = "<group>"; };
		02000006 /* OpenAIService.swift */ = {isa = PBXFileReference; lastKnownFileType = sourcecode.swift; path = OpenAIService.swift; sourceTree = "<group>"; };
		02000013 /* AppleIntelligenceService.swift */ = {isa = PBXFileReference; lastKnownFileType = sourcecode.swift; path = AppleIntelligenceService.swift; sourceTree = "<group>"; };
		02000007 /* ChatView.swift */ = {isa = PBXFileReference; lastKnownFileType = sourcecode.swift; path = ChatView.swift; sourceTree = "<group>"; };
		02000008 /* SidebarView.swift */ = {isa = PBXFileReference; lastKnownFileType = sourcecode.swift; path = SidebarView.swift; sourceTree = "<group>"; };
		02000009 /* SettingsView.swift */ = {isa = PBXFileReference; lastKnownFileType = sourcecode.swift; path = SettingsView.swift; sourceTree = "<group>"; };
		02000010 /* ConversationManager.swift */ = {isa = PBXFileReference; lastKnownFileType = sourcecode.swift; path = ConversationManager.swift; sourceTree = "<group>"; };
		02000012 /* MessageView.swift */ = {isa = PBXFileReference; lastKnownFileType = sourcecode.swift; path = MessageView.swift; sourceTree = "<group>"; };
		03000001 /* ayna.app */ = {isa = PBXFileReference; explicitFileType = wrapper.application; includeInIndex = 0; path = ayna.app; sourceTree = BUILT_PRODUCTS_DIR; };
		04000001 /* ayna.entitlements */ = {isa = PBXFileReference; lastKnownFileType = text.plist.entitlements; path = ayna.entitlements; sourceTree = "<group>"; };
		C8E86EFC2EB9281300D601B5 /* MCPServerManager.swift */ = {isa = PBXFileReference; lastKnownFileType = sourcecode.swift; path = MCPServerManager.swift; sourceTree = "<group>"; };
		C8E86EFD2EB9281300D601B5 /* MCPService.swift */ = {isa = PBXFileReference; lastKnownFileType = sourcecode.swift; path = MCPService.swift; sourceTree = "<group>"; };
		C8E86F002EB928F200D601B5 /* MCPModels.swift */ = {isa = PBXFileReference; lastKnownFileType = sourcecode.swift; path = MCPModels.swift; sourceTree = "<group>"; };
		C8E86F022EB9298B00D601B5 /* MCPSettingsView.swift */ = {isa = PBXFileReference; lastKnownFileType = sourcecode.swift; path = MCPSettingsView.swift; sourceTree = "<group>"; };
/* End PBXFileReference section */

/* Begin PBXFrameworksBuildPhase section */
		05000001 /* Frameworks */ = {
			isa = PBXFrameworksBuildPhase;
			buildActionMask = 2147483647;
			files = (
			);
			runOnlyForDeploymentPostprocessing = 0;
		};
/* End PBXFrameworksBuildPhase section */

/* Begin PBXGroup section */
		06000001 = {
			isa = PBXGroup;
			children = (
				04000001 /* ayna.entitlements */,
				02000001 /* aynaApp.swift */,
				02000002 /* ContentView.swift */,
				06000004 /* Views */,
				06000005 /* Models */,
				06000006 /* Services */,
				06000007 /* ViewModels */,
				02000003 /* Assets.xcassets */,
				06000003 /* Products */,
			);
			sourceTree = "<group>";
		};
		06000003 /* Products */ = {
			isa = PBXGroup;
			children = (
				03000001 /* ayna.app */,
			);
			name = Products;
			sourceTree = "<group>";
		};
		06000004 /* Views */ = {
			isa = PBXGroup;
			children = (
				C8E86F022EB9298B00D601B5 /* MCPSettingsView.swift */,
				02000007 /* ChatView.swift */,
				02000008 /* SidebarView.swift */,
				02000009 /* SettingsView.swift */,
				02000012 /* MessageView.swift */,
			);
			path = Views;
			sourceTree = "<group>";
		};
		06000005 /* Models */ = {
			isa = PBXGroup;
			children = (
				C8E86F002EB928F200D601B5 /* MCPModels.swift */,
				02000004 /* Conversation.swift */,
				02000005 /* Message.swift */,
			);
			path = Models;
			sourceTree = "<group>";
		};
		06000006 /* Services */ = {
			isa = PBXGroup;
			children = (
				02000013 /* AppleIntelligenceService.swift */,
				C8E86EFC2EB9281300D601B5 /* MCPServerManager.swift */,
				C8E86EFD2EB9281300D601B5 /* MCPService.swift */,
				02000006 /* OpenAIService.swift */,
			);
			path = Services;
			sourceTree = "<group>";
		};
		06000007 /* ViewModels */ = {
			isa = PBXGroup;
			children = (
				02000010 /* ConversationManager.swift */,
			);
			path = ViewModels;
			sourceTree = "<group>";
		};
/* End PBXGroup section */

/* Begin PBXNativeTarget section */
		07000001 /* ayna */ = {
			isa = PBXNativeTarget;
			buildConfigurationList = 08000001 /* Build configuration list for PBXNativeTarget "ayna" */;
			buildPhases = (
				05000001 /* Frameworks */,
				09000001 /* Sources */,
				10000001 /* Resources */,
			);
			buildRules = (
			);
			dependencies = (
			);
			name = ayna;
			productName = ayna;
			productReference = 03000001 /* ayna.app */;
			productType = "com.apple.product-type.application";
		};
/* End PBXNativeTarget section */

/* Begin PBXProject section */
		11000001 /* Project object */ = {
			isa = PBXProject;
			attributes = {
				BuildIndependentTargetsInParallel = 1;
				LastSwiftUpdateCheck = 1500;
				LastUpgradeCheck = 2600;
				TargetAttributes = {
					07000001 = {
						CreatedOnToolsVersion = 15.0;
					};
				};
			};
			buildConfigurationList = 12000001 /* Build configuration list for PBXProject "ayna" */;
			compatibilityVersion = "Xcode 14.0";
			developmentRegion = en;
			hasScannedForEncodings = 0;
			knownRegions = (
				en,
				Base,
			);
			mainGroup = 06000001;
			productRefGroup = 06000003 /* Products */;
			projectDirPath = "";
			projectRoot = "";
			targets = (
				07000001 /* ayna */,
			);
		};
/* End PBXProject section */

/* Begin PBXResourcesBuildPhase section */
		10000001 /* Resources */ = {
			isa = PBXResourcesBuildPhase;
			buildActionMask = 2147483647;
			files = (
				01000003 /* Assets.xcassets in Resources */,
			);
			runOnlyForDeploymentPostprocessing = 0;
		};
/* End PBXResourcesBuildPhase section */

/* Begin PBXSourcesBuildPhase section */
		09000001 /* Sources */ = {
			isa = PBXSourcesBuildPhase;
			buildActionMask = 2147483647;
			files = (
				01000001 /* aynaApp.swift in Sources */,
				01000002 /* ContentView.swift in Sources */,
				01000004 /* Conversation.swift in Sources */,
				01000005 /* Message.swift in Sources */,
				01000006 /* OpenAIService.swift in Sources */,
				01000013 /* AppleIntelligenceService.swift in Sources */,
				01000007 /* ChatView.swift in Sources */,
				C8E86F032EB9298B00D601B5 /* MCPSettingsView.swift in Sources */,
				01000008 /* SidebarView.swift in Sources */,
				01000009 /* SettingsView.swift in Sources */,
				01000010 /* ConversationManager.swift in Sources */,
				01000012 /* MessageView.swift in Sources */,
				C8E86F012EB928F200D601B5 /* MCPModels.swift in Sources */,
				C8E86EFE2EB9281300D601B5 /* MCPService.swift in Sources */,
				C8E86EFF2EB9281300D601B5 /* MCPServerManager.swift in Sources */,
			);
			runOnlyForDeploymentPostprocessing = 0;
		};
/* End PBXSourcesBuildPhase section */

/* Begin XCBuildConfiguration section */
		13000001 /* Debug */ = {
			isa = XCBuildConfiguration;
			buildSettings = {
				ALWAYS_SEARCH_USER_PATHS = NO;
				ASSETCATALOG_COMPILER_GENERATE_SWIFT_ASSET_SYMBOL_EXTENSIONS = YES;
				CLANG_ANALYZER_NONNULL = YES;
				CLANG_ANALYZER_NUMBER_OBJECT_CONVERSION = YES_AGGRESSIVE;
				CLANG_CXX_LANGUAGE_STANDARD = "gnu++20";
				CLANG_ENABLE_MODULES = YES;
				CLANG_ENABLE_OBJC_ARC = YES;
				CLANG_ENABLE_OBJC_WEAK = YES;
				CLANG_WARN_BLOCK_CAPTURE_AUTORELEASING = YES;
				CLANG_WARN_BOOL_CONVERSION = YES;
				CLANG_WARN_COMMA = YES;
				CLANG_WARN_CONSTANT_CONVERSION = YES;
				CLANG_WARN_DEPRECATED_OBJC_IMPLEMENTATIONS = YES;
				CLANG_WARN_DIRECT_OBJC_ISA_USAGE = YES_ERROR;
				CLANG_WARN_DOCUMENTATION_COMMENTS = YES;
				CLANG_WARN_EMPTY_BODY = YES;
				CLANG_WARN_ENUM_CONVERSION = YES;
				CLANG_WARN_INFINITE_RECURSION = YES;
				CLANG_WARN_INT_CONVERSION = YES;
				CLANG_WARN_NON_LITERAL_NULL_CONVERSION = YES;
				CLANG_WARN_OBJC_IMPLICIT_RETAIN_SELF = YES;
				CLANG_WARN_OBJC_LITERAL_CONVERSION = YES;
				CLANG_WARN_OBJC_ROOT_CLASS = YES_ERROR;
				CLANG_WARN_QUOTED_INCLUDE_IN_FRAMEWORK_HEADER = YES;
				CLANG_WARN_RANGE_LOOP_ANALYSIS = YES;
				CLANG_WARN_STRICT_PROTOTYPES = YES;
				CLANG_WARN_SUSPICIOUS_MOVE = YES;
				CLANG_WARN_UNGUARDED_AVAILABILITY = YES_AGGRESSIVE;
				CLANG_WARN_UNREACHABLE_CODE = YES;
				CLANG_WARN__DUPLICATE_METHOD_MATCH = YES;
				COPY_PHASE_STRIP = NO;
				DEAD_CODE_STRIPPING = YES;
				DEBUG_INFORMATION_FORMAT = dwarf;
				ENABLE_STRICT_OBJC_MSGSEND = YES;
				ENABLE_TESTABILITY = YES;
				ENABLE_USER_SCRIPT_SANDBOXING = YES;
				GCC_C_LANGUAGE_STANDARD = gnu17;
				GCC_DYNAMIC_NO_PIC = NO;
				GCC_NO_COMMON_BLOCKS = YES;
				GCC_OPTIMIZATION_LEVEL = 0;
				GCC_PREPROCESSOR_DEFINITIONS = (
					"DEBUG=1",
					"$(inherited)",
				);
				GCC_WARN_64_TO_32_BIT_CONVERSION = YES;
				GCC_WARN_ABOUT_RETURN_TYPE = YES_ERROR;
				GCC_WARN_UNDECLARED_SELECTOR = YES;
				GCC_WARN_UNINITIALIZED_AUTOS = YES_AGGRESSIVE;
				GCC_WARN_UNUSED_FUNCTION = YES;
				GCC_WARN_UNUSED_VARIABLE = YES;
				LOCALIZATION_PREFERS_STRING_CATALOGS = YES;
				MACOSX_DEPLOYMENT_TARGET = 14.0;
				MTL_ENABLE_DEBUG_INFO = INCLUDE_SOURCE;
				MTL_FAST_MATH = YES;
				ONLY_ACTIVE_ARCH = YES;
				SDKROOT = macosx;
				STRING_CATALOG_GENERATE_SYMBOLS = YES;
				SWIFT_ACTIVE_COMPILATION_CONDITIONS = "DEBUG $(inherited)";
				SWIFT_OPTIMIZATION_LEVEL = "-Onone";
			};
			name = Debug;
		};
		13000002 /* Release */ = {
			isa = XCBuildConfiguration;
			buildSettings = {
				ALWAYS_SEARCH_USER_PATHS = NO;
				ASSETCATALOG_COMPILER_GENERATE_SWIFT_ASSET_SYMBOL_EXTENSIONS = YES;
				CLANG_ANALYZER_NONNULL = YES;
				CLANG_ANALYZER_NUMBER_OBJECT_CONVERSION = YES_AGGRESSIVE;
				CLANG_CXX_LANGUAGE_STANDARD = "gnu++20";
				CLANG_ENABLE_MODULES = YES;
				CLANG_ENABLE_OBJC_ARC = YES;
				CLANG_ENABLE_OBJC_WEAK = YES;
				CLANG_WARN_BLOCK_CAPTURE_AUTORELEASING = YES;
				CLANG_WARN_BOOL_CONVERSION = YES;
				CLANG_WARN_COMMA = YES;
				CLANG_WARN_CONSTANT_CONVERSION = YES;
				CLANG_WARN_DEPRECATED_OBJC_IMPLEMENTATIONS = YES;
				CLANG_WARN_DIRECT_OBJC_ISA_USAGE = YES_ERROR;
				CLANG_WARN_DOCUMENTATION_COMMENTS = YES;
				CLANG_WARN_EMPTY_BODY = YES;
				CLANG_WARN_ENUM_CONVERSION = YES;
				CLANG_WARN_INFINITE_RECURSION = YES;
				CLANG_WARN_INT_CONVERSION = YES;
				CLANG_WARN_NON_LITERAL_NULL_CONVERSION = YES;
				CLANG_WARN_OBJC_IMPLICIT_RETAIN_SELF = YES;
				CLANG_WARN_OBJC_LITERAL_CONVERSION = YES;
				CLANG_WARN_OBJC_ROOT_CLASS = YES_ERROR;
				CLANG_WARN_QUOTED_INCLUDE_IN_FRAMEWORK_HEADER = YES;
				CLANG_WARN_RANGE_LOOP_ANALYSIS = YES;
				CLANG_WARN_STRICT_PROTOTYPES = YES;
				CLANG_WARN_SUSPICIOUS_MOVE = YES;
				CLANG_WARN_UNGUARDED_AVAILABILITY = YES_AGGRESSIVE;
				CLANG_WARN_UNREACHABLE_CODE = YES;
				CLANG_WARN__DUPLICATE_METHOD_MATCH = YES;
				COPY_PHASE_STRIP = NO;
				DEAD_CODE_STRIPPING = YES;
				DEBUG_INFORMATION_FORMAT = "dwarf-with-dsym";
				ENABLE_NS_ASSERTIONS = NO;
				ENABLE_STRICT_OBJC_MSGSEND = YES;
				ENABLE_USER_SCRIPT_SANDBOXING = YES;
				GCC_C_LANGUAGE_STANDARD = gnu17;
				GCC_NO_COMMON_BLOCKS = YES;
				GCC_WARN_64_TO_32_BIT_CONVERSION = YES;
				GCC_WARN_ABOUT_RETURN_TYPE = YES_ERROR;
				GCC_WARN_UNDECLARED_SELECTOR = YES;
				GCC_WARN_UNINITIALIZED_AUTOS = YES_AGGRESSIVE;
				GCC_WARN_UNUSED_FUNCTION = YES;
				GCC_WARN_UNUSED_VARIABLE = YES;
				LOCALIZATION_PREFERS_STRING_CATALOGS = YES;
				MACOSX_DEPLOYMENT_TARGET = 14.0;
				MTL_ENABLE_DEBUG_INFO = NO;
				MTL_FAST_MATH = YES;
				SDKROOT = macosx;
				STRING_CATALOG_GENERATE_SYMBOLS = YES;
				SWIFT_COMPILATION_MODE = wholemodule;
			};
			name = Release;
		};
		14000001 /* Debug */ = {
			isa = XCBuildConfiguration;
			buildSettings = {
				ASSETCATALOG_COMPILER_APPICON_NAME = AppIcon;
				CODE_SIGN_ALLOW_ENTITLEMENTS_MODIFICATION = YES;
				CODE_SIGN_ENTITLEMENTS = ayna.entitlements;
				CODE_SIGN_STYLE = Automatic;
				COMBINE_HIDPI_IMAGES = YES;
				CURRENT_PROJECT_VERSION = 1;
				DEAD_CODE_STRIPPING = YES;
				DEVELOPMENT_TEAM = "";
				ENABLE_APP_SANDBOX = NO;
				ENABLE_HARDENED_RUNTIME = YES;
				ENABLE_OUTGOING_NETWORK_CONNECTIONS = YES;
				ENABLE_PREVIEWS = YES;
				ENABLE_USER_SELECTED_FILES = readwrite;
				GENERATE_INFOPLIST_FILE = YES;
				INFOPLIST_KEY_CFBundleDisplayName = ayna;
				INFOPLIST_KEY_LSApplicationCategoryType = "public.app-category.productivity";
				INFOPLIST_KEY_NSHumanReadableCopyright = "";
				LD_RUNPATH_SEARCH_PATHS = (
					"$(inherited)",
					"@executable_path/../Frameworks",
				);
				MARKETING_VERSION = 1.0;
				PRODUCT_BUNDLE_IDENTIFIER = com.example.ayna;
				PRODUCT_NAME = "$(TARGET_NAME)";
				SWIFT_EMIT_LOC_STRINGS = YES;
				SWIFT_VERSION = 5.0;
			};
			name = Debug;
		};
		14000002 /* Release */ = {
			isa = XCBuildConfiguration;
			buildSettings = {
				ASSETCATALOG_COMPILER_APPICON_NAME = AppIcon;
				CODE_SIGN_ALLOW_ENTITLEMENTS_MODIFICATION = YES;
				CODE_SIGN_ENTITLEMENTS = ayna.entitlements;
				CODE_SIGN_STYLE = Automatic;
				COMBINE_HIDPI_IMAGES = YES;
				CURRENT_PROJECT_VERSION = 1;
				DEAD_CODE_STRIPPING = YES;
				DEVELOPMENT_TEAM = "";
				ENABLE_APP_SANDBOX = NO;
				ENABLE_HARDENED_RUNTIME = YES;
				ENABLE_OUTGOING_NETWORK_CONNECTIONS = YES;
				ENABLE_PREVIEWS = YES;
				ENABLE_USER_SELECTED_FILES = readwrite;
				GENERATE_INFOPLIST_FILE = YES;
				INFOPLIST_KEY_CFBundleDisplayName = ayna;
				INFOPLIST_KEY_LSApplicationCategoryType = "public.app-category.productivity";
				INFOPLIST_KEY_NSHumanReadableCopyright = "";
				LD_RUNPATH_SEARCH_PATHS = (
					"$(inherited)",
					"@executable_path/../Frameworks",
				);
				MARKETING_VERSION = 1.0;
				PRODUCT_BUNDLE_IDENTIFIER = com.example.ayna;
				PRODUCT_NAME = "$(TARGET_NAME)";
				SWIFT_EMIT_LOC_STRINGS = YES;
				SWIFT_VERSION = 5.0;
			};
			name = Release;
		};
/* End XCBuildConfiguration section */

/* Begin XCConfigurationList section */
		08000001 /* Build configuration list for PBXNativeTarget "ayna" */ = {
			isa = XCConfigurationList;
			buildConfigurations = (
				14000001 /* Debug */,
				14000002 /* Release */,
			);
			defaultConfigurationIsVisible = 0;
			defaultConfigurationName = Release;
		};
		12000001 /* Build configuration list for PBXProject "ayna" */ = {
			isa = XCConfigurationList;
			buildConfigurations = (
				13000001 /* Debug */,
				13000002 /* Release */,
			);
			defaultConfigurationIsVisible = 0;
			defaultConfigurationName = Release;
		};
/* End XCConfigurationList section */
	};
	rootObject = 11000001 /* Project object */;
}
